{
  "version": 4,
  "terraform_version": "1.9.2",
  "serial": 319,
  "lineage": "65c58a19-7c8e-43f4-a6f7-e5b1f36fac4f",
  "outputs": {
    "api_gateway_arn": {
      "value": "arn:aws:apigateway:us-east-1::/apis/9yp31ebze1",
      "type": "string"
    },
    "api_gateway_resources_base_url": {
      "value": "https://9yp31ebze1.execute-api.us-east-1.amazonaws.com/dev",
      "type": "string"
    },
    "lambda_execute_payment_invoke_arn": {
      "value": "arn:aws:apigateway:us-east-1:lambda:path/2015-03-31/functions/arn:aws:lambda:us-east-1:922367397130:function:lambda_execute_payments/invocations",
      "type": "string"
    },
    "step_function_invoke_arn": {
      "value": "arn:aws:states:us-east-1:922367397130:stateMachine:bcp_challenged_io_backend",
      "type": "string"
    },
    "table_activity_arn": {
      "value": "arn:aws:dynamodb:us-east-1:922367397130:table/activity",
      "type": "string"
    },
    "table_transactions_arn": {
      "value": "arn:aws:dynamodb:us-east-1:922367397130:table/transactions",
      "type": "string"
    },
    "table_users_arn": {
      "value": "arn:aws:dynamodb:us-east-1:922367397130:table/users",
      "type": "string"
    }
  },
  "resources": [
    {
      "module": "module.api_gateway_resources",
      "mode": "managed",
      "type": "aws_apigatewayv2_api",
      "name": "api_bcp_challenged",
      "provider": "provider[\"registry.terraform.io/hashicorp/aws\"]",
      "instances": [
        {
          "schema_version": 0,
          "attributes": {
            "api_endpoint": "https://9yp31ebze1.execute-api.us-east-1.amazonaws.com",
            "api_key_selection_expression": "$request.header.x-api-key",
            "arn": "arn:aws:apigateway:us-east-1::/apis/9yp31ebze1",
            "body": null,
            "cors_configuration": [],
            "credentials_arn": null,
            "description": "",
            "disable_execute_api_endpoint": false,
            "execution_arn": "arn:aws:execute-api:us-east-1:922367397130:9yp31ebze1",
            "fail_on_warnings": null,
            "id": "9yp31ebze1",
            "name": "bcp-challenged-apigatewayv2",
            "protocol_type": "HTTP",
            "route_key": null,
            "route_selection_expression": "$request.method $request.path",
            "tags": {},
            "tags_all": {},
            "target": null,
            "version": ""
          },
          "sensitive_attributes": [],
          "private": "bnVsbA=="
        }
      ]
    },
    {
      "module": "module.api_gateway_resources",
      "mode": "managed",
      "type": "aws_apigatewayv2_integration",
      "name": "api_mock",
      "provider": "provider[\"registry.terraform.io/hashicorp/aws\"]",
      "instances": [
        {
          "schema_version": 0,
          "attributes": {
            "api_id": "9yp31ebze1",
            "connection_id": "",
            "connection_type": "INTERNET",
            "content_handling_strategy": "",
            "credentials_arn": "",
            "description": "",
            "id": "wrxroyd",
            "integration_method": "POST",
            "integration_response_selection_expression": "",
            "integration_subtype": "",
            "integration_type": "AWS_PROXY",
            "integration_uri": "arn:aws:apigateway:us-east-1:lambda:path/2015-03-31/functions/arn:aws:lambda:us-east-1:922367397130:function:lambda_api_mock/invocations",
            "passthrough_behavior": "",
            "payload_format_version": "1.0",
            "request_parameters": {},
            "request_templates": {},
            "response_parameters": [],
            "template_selection_expression": "",
            "timeout_milliseconds": 30000,
            "tls_config": []
          },
          "sensitive_attributes": [],
          "private": "bnVsbA==",
          "dependencies": [
            "module.api_gateway_resources.aws_apigatewayv2_api.api_bcp_challenged",
            "module.bucket_resource.aws_s3_bucket.lambda_bucket",
            "module.bucket_resource.random_pet.lambda_bucket_name",
            "module.lambda_api_mock_resources.aws_iam_role.lambda_api_mock_exec",
            "module.lambda_api_mock_resources.aws_lambda_function.lambda_api_mock",
            "module.lambda_api_mock_resources.aws_s3_object.lambda_api_mock",
            "module.lambda_api_mock_resources.data.archive_file.lambda_api_mock"
          ]
        }
      ]
    },
    {
      "module": "module.api_gateway_resources",
      "mode": "managed",
      "type": "aws_apigatewayv2_integration",
      "name": "execute_payment",
      "provider": "provider[\"registry.terraform.io/hashicorp/aws\"]",
      "instances": [
        {
          "schema_version": 0,
          "attributes": {
            "api_id": "9yp31ebze1",
            "connection_id": "",
            "connection_type": "INTERNET",
            "content_handling_strategy": "",
            "credentials_arn": "arn:aws:iam::922367397130:role/api_gateway_role",
            "description": "",
            "id": "k1jjf8f",
            "integration_method": "",
            "integration_response_selection_expression": "",
            "integration_subtype": "StepFunctions-StartSyncExecution",
            "integration_type": "AWS_PROXY",
            "integration_uri": "",
            "passthrough_behavior": "",
            "payload_format_version": "1.0",
            "request_parameters": {
              "Input": "$request.body",
              "StateMachineArn": "arn:aws:states:us-east-1:922367397130:stateMachine:bcp_challenged_io_backend"
            },
            "request_templates": {},
            "response_parameters": [],
            "template_selection_expression": "",
            "timeout_milliseconds": 30000,
            "tls_config": []
          },
          "sensitive_attributes": [],
          "private": "bnVsbA==",
          "dependencies": [
            "module.api_gateway_resources.aws_apigatewayv2_api.api_bcp_challenged",
            "module.api_gateway_resources.aws_iam_role.api_gateway_role",
            "module.step_function_resources.aws_iam_role.step_function_role",
            "module.step_function_resources.aws_sfn_state_machine.payments_step_function"
          ]
        }
      ]
    },
    {
      "module": "module.api_gateway_resources",
      "mode": "managed",
      "type": "aws_apigatewayv2_integration",
      "name": "get_transactions",
      "provider": "provider[\"registry.terraform.io/hashicorp/aws\"]",
      "instances": [
        {
          "schema_version": 0,
          "attributes": {
            "api_id": "9yp31ebze1",
            "connection_id": "",
            "connection_type": "INTERNET",
            "content_handling_strategy": "",
            "credentials_arn": "",
            "description": "",
            "id": "1ucvpur",
            "integration_method": "POST",
            "integration_response_selection_expression": "",
            "integration_subtype": "",
            "integration_type": "AWS_PROXY",
            "integration_uri": "arn:aws:apigateway:us-east-1:lambda:path/2015-03-31/functions/arn:aws:lambda:us-east-1:922367397130:function:lambda_get_transactions/invocations",
            "passthrough_behavior": "",
            "payload_format_version": "1.0",
            "request_parameters": {},
            "request_templates": {},
            "response_parameters": [],
            "template_selection_expression": "",
            "timeout_milliseconds": 30000,
            "tls_config": []
          },
          "sensitive_attributes": [],
          "private": "bnVsbA==",
          "dependencies": [
            "module.api_gateway_resources.aws_apigatewayv2_api.api_bcp_challenged",
            "module.bucket_resource.aws_s3_bucket.lambda_bucket",
            "module.bucket_resource.random_pet.lambda_bucket_name",
            "module.lambda_get_transactions_resources.aws_iam_role.lambda_exec",
            "module.lambda_get_transactions_resources.aws_lambda_function.lambda_get_transactions",
            "module.lambda_get_transactions_resources.aws_s3_object.lambda_get_transactions",
            "module.lambda_get_transactions_resources.data.archive_file.lambda_get_transactions"
          ]
        }
      ]
    },
    {
      "module": "module.api_gateway_resources",
      "mode": "managed",
      "type": "aws_apigatewayv2_route",
      "name": "api_mock",
      "provider": "provider[\"registry.terraform.io/hashicorp/aws\"]",
      "instances": [
        {
          "schema_version": 0,
          "attributes": {
            "api_id": "9yp31ebze1",
            "api_key_required": false,
            "authorization_scopes": [],
            "authorization_type": "NONE",
            "authorizer_id": "",
            "id": "j4e4vw5",
            "model_selection_expression": "",
            "operation_name": "",
            "request_models": {},
            "request_parameter": [],
            "route_key": "POST /mock-transaction",
            "route_response_selection_expression": "",
            "target": "integrations/wrxroyd"
          },
          "sensitive_attributes": [],
          "private": "bnVsbA==",
          "dependencies": [
            "module.api_gateway_resources.aws_apigatewayv2_api.api_bcp_challenged",
            "module.api_gateway_resources.aws_apigatewayv2_integration.api_mock",
            "module.bucket_resource.aws_s3_bucket.lambda_bucket",
            "module.bucket_resource.random_pet.lambda_bucket_name",
            "module.lambda_api_mock_resources.aws_iam_role.lambda_api_mock_exec",
            "module.lambda_api_mock_resources.aws_lambda_function.lambda_api_mock",
            "module.lambda_api_mock_resources.aws_s3_object.lambda_api_mock",
            "module.lambda_api_mock_resources.data.archive_file.lambda_api_mock"
          ]
        }
      ]
    },
    {
      "module": "module.api_gateway_resources",
      "mode": "managed",
      "type": "aws_apigatewayv2_route",
      "name": "execute_payment",
      "provider": "provider[\"registry.terraform.io/hashicorp/aws\"]",
      "instances": [
        {
          "schema_version": 0,
          "attributes": {
            "api_id": "9yp31ebze1",
            "api_key_required": false,
            "authorization_scopes": [],
            "authorization_type": "NONE",
            "authorizer_id": "",
            "id": "oemyi15",
            "model_selection_expression": "",
            "operation_name": "",
            "request_models": {},
            "request_parameter": [],
            "route_key": "POST /v1/payments",
            "route_response_selection_expression": "",
            "target": "integrations/k1jjf8f"
          },
          "sensitive_attributes": [],
          "private": "bnVsbA==",
          "dependencies": [
            "module.api_gateway_resources.aws_apigatewayv2_api.api_bcp_challenged",
            "module.api_gateway_resources.aws_apigatewayv2_integration.execute_payment",
            "module.api_gateway_resources.aws_iam_role.api_gateway_role",
            "module.step_function_resources.aws_iam_role.step_function_role",
            "module.step_function_resources.aws_sfn_state_machine.payments_step_function"
          ]
        }
      ]
    },
    {
      "module": "module.api_gateway_resources",
      "mode": "managed",
      "type": "aws_apigatewayv2_route",
      "name": "get_transactions",
      "provider": "provider[\"registry.terraform.io/hashicorp/aws\"]",
      "instances": [
        {
          "schema_version": 0,
          "attributes": {
            "api_id": "9yp31ebze1",
            "api_key_required": false,
            "authorization_scopes": [],
            "authorization_type": "NONE",
            "authorizer_id": "",
            "id": "ivzqup3",
            "model_selection_expression": "",
            "operation_name": "",
            "request_models": {},
            "request_parameter": [],
            "route_key": "GET /v1/transactions",
            "route_response_selection_expression": "",
            "target": "integrations/1ucvpur"
          },
          "sensitive_attributes": [],
          "private": "bnVsbA==",
          "dependencies": [
            "module.api_gateway_resources.aws_apigatewayv2_api.api_bcp_challenged",
            "module.api_gateway_resources.aws_apigatewayv2_integration.get_transactions",
            "module.bucket_resource.aws_s3_bucket.lambda_bucket",
            "module.bucket_resource.random_pet.lambda_bucket_name",
            "module.lambda_get_transactions_resources.aws_iam_role.lambda_exec",
            "module.lambda_get_transactions_resources.aws_lambda_function.lambda_get_transactions",
            "module.lambda_get_transactions_resources.aws_s3_object.lambda_get_transactions",
            "module.lambda_get_transactions_resources.data.archive_file.lambda_get_transactions"
          ]
        }
      ]
    },
    {
      "module": "module.api_gateway_resources",
      "mode": "managed",
      "type": "aws_apigatewayv2_stage",
      "name": "api_bcp_challenged",
      "provider": "provider[\"registry.terraform.io/hashicorp/aws\"]",
      "instances": [
        {
          "schema_version": 0,
          "attributes": {
            "access_log_settings": [
              {
                "destination_arn": "arn:aws:logs:us-east-1:922367397130:log-group:/aws/api_gw/bcp-challenged-apigatewayv2",
                "format": "{\"httpMethod\":\"$context.httpMethod\",\"integrationErrorMessage\":\"$context.integrationErrorMessage\",\"protocol\":\"$context.protocol\",\"requestId\":\"$context.requestId\",\"requestTime\":\"$context.requestTime\",\"resourcePath\":\"$context.resourcePath\",\"responseLength\":\"$context.responseLength\",\"routeKey\":\"$context.routeKey\",\"sourceIp\":\"$context.identity.sourceIp\",\"status\":\"$context.status\"}"
              }
            ],
            "api_id": "9yp31ebze1",
            "arn": "arn:aws:apigateway:us-east-1::/apis/9yp31ebze1/stages/dev",
            "auto_deploy": true,
            "client_certificate_id": "",
            "default_route_settings": [
              {
                "data_trace_enabled": false,
                "detailed_metrics_enabled": false,
                "logging_level": "",
                "throttling_burst_limit": 0,
                "throttling_rate_limit": 0
              }
            ],
            "deployment_id": "nutd5z",
            "description": "",
            "execution_arn": "arn:aws:execute-api:us-east-1:922367397130:9yp31ebze1/dev",
            "id": "dev",
            "invoke_url": "https://9yp31ebze1.execute-api.us-east-1.amazonaws.com/dev",
            "name": "dev",
            "route_settings": [],
            "stage_variables": {},
            "tags": {},
            "tags_all": {}
          },
          "sensitive_attributes": [],
          "private": "bnVsbA==",
          "dependencies": [
            "module.api_gateway_resources.aws_apigatewayv2_api.api_bcp_challenged",
            "module.api_gateway_resources.aws_cloudwatch_log_group.api_gw"
          ]
        }
      ]
    },
    {
      "module": "module.api_gateway_resources",
      "mode": "managed",
      "type": "aws_cloudwatch_log_group",
      "name": "api_gw",
      "provider": "provider[\"registry.terraform.io/hashicorp/aws\"]",
      "instances": [
        {
          "schema_version": 0,
          "attributes": {
            "arn": "arn:aws:logs:us-east-1:922367397130:log-group:/aws/api_gw/bcp-challenged-apigatewayv2",
            "id": "/aws/api_gw/bcp-challenged-apigatewayv2",
            "kms_key_id": "",
            "log_group_class": "STANDARD",
            "name": "/aws/api_gw/bcp-challenged-apigatewayv2",
            "name_prefix": "",
            "retention_in_days": 30,
            "skip_destroy": false,
            "tags": {},
            "tags_all": {}
          },
          "sensitive_attributes": [],
          "private": "bnVsbA==",
          "dependencies": [
            "module.api_gateway_resources.aws_apigatewayv2_api.api_bcp_challenged"
          ]
        }
      ]
    },
    {
      "module": "module.api_gateway_resources",
      "mode": "managed",
      "type": "aws_iam_role",
      "name": "api_gateway_role",
      "provider": "provider[\"registry.terraform.io/hashicorp/aws\"]",
      "instances": [
        {
          "schema_version": 0,
          "attributes": {
            "arn": "arn:aws:iam::922367397130:role/api_gateway_role",
            "assume_role_policy": "{\"Statement\":[{\"Action\":\"sts:AssumeRole\",\"Effect\":\"Allow\",\"Principal\":{\"Service\":\"apigateway.amazonaws.com\"}}],\"Version\":\"2012-10-17\"}",
            "create_date": "2024-07-22T23:33:25Z",
            "description": "",
            "force_detach_policies": false,
            "id": "api_gateway_role",
            "inline_policy": [
              {
                "name": "allowStepFunction",
                "policy": "{\"Version\":\"2012-10-17\",\"Statement\":[{\"Action\":\"states:StartSyncExecution\",\"Effect\":\"Allow\",\"Resource\":\"*\"}]}"
              }
            ],
            "managed_policy_arns": [],
            "max_session_duration": 3600,
            "name": "api_gateway_role",
            "name_prefix": "",
            "path": "/",
            "permissions_boundary": "",
            "tags": {},
            "tags_all": {},
            "unique_id": "AROA5NQLBRUFMGJRJJJIV"
          },
          "sensitive_attributes": [],
          "private": "bnVsbA=="
        }
      ]
    },
    {
      "module": "module.api_gateway_resources",
      "mode": "managed",
      "type": "aws_lambda_permission",
      "name": "api_gw_permission_api_mock",
      "provider": "provider[\"registry.terraform.io/hashicorp/aws\"]",
      "instances": [
        {
          "schema_version": 0,
          "attributes": {
            "action": "lambda:InvokeFunction",
            "event_source_token": null,
            "function_name": "lambda_api_mock",
            "function_url_auth_type": null,
            "id": "AllowAPIGatewayInvoke",
            "principal": "apigateway.amazonaws.com",
            "principal_org_id": null,
            "qualifier": "",
            "source_account": null,
            "source_arn": "arn:aws:execute-api:us-east-1:922367397130:9yp31ebze1/*/*",
            "statement_id": "AllowAPIGatewayInvoke",
            "statement_id_prefix": ""
          },
          "sensitive_attributes": [],
          "private": "bnVsbA==",
          "dependencies": [
            "module.api_gateway_resources.aws_apigatewayv2_api.api_bcp_challenged",
            "module.bucket_resource.aws_s3_bucket.lambda_bucket",
            "module.bucket_resource.random_pet.lambda_bucket_name",
            "module.lambda_api_mock_resources.aws_iam_role.lambda_api_mock_exec",
            "module.lambda_api_mock_resources.aws_lambda_function.lambda_api_mock",
            "module.lambda_api_mock_resources.aws_s3_object.lambda_api_mock",
            "module.lambda_api_mock_resources.data.archive_file.lambda_api_mock"
          ]
        }
      ]
    },
    {
      "module": "module.api_gateway_resources",
      "mode": "managed",
      "type": "aws_lambda_permission",
      "name": "api_gw_permission_get_transactions",
      "provider": "provider[\"registry.terraform.io/hashicorp/aws\"]",
      "instances": [
        {
          "schema_version": 0,
          "attributes": {
            "action": "lambda:InvokeFunction",
            "event_source_token": null,
            "function_name": "lambda_get_transactions",
            "function_url_auth_type": null,
            "id": "AllowAPIGatewayInvoke",
            "principal": "apigateway.amazonaws.com",
            "principal_org_id": null,
            "qualifier": "",
            "source_account": null,
            "source_arn": "arn:aws:execute-api:us-east-1:922367397130:9yp31ebze1/*/*",
            "statement_id": "AllowAPIGatewayInvoke",
            "statement_id_prefix": ""
          },
          "sensitive_attributes": [],
          "private": "bnVsbA==",
          "dependencies": [
            "module.api_gateway_resources.aws_apigatewayv2_api.api_bcp_challenged",
            "module.bucket_resource.aws_s3_bucket.lambda_bucket",
            "module.bucket_resource.random_pet.lambda_bucket_name",
            "module.lambda_get_transactions_resources.aws_iam_role.lambda_exec",
            "module.lambda_get_transactions_resources.aws_lambda_function.lambda_get_transactions",
            "module.lambda_get_transactions_resources.aws_s3_object.lambda_get_transactions",
            "module.lambda_get_transactions_resources.data.archive_file.lambda_get_transactions"
          ]
        }
      ]
    },
    {
      "module": "module.bucket_resource",
      "mode": "managed",
      "type": "aws_s3_bucket",
      "name": "lambda_bucket",
      "provider": "provider[\"registry.terraform.io/hashicorp/aws\"]",
      "instances": [
        {
          "schema_version": 0,
          "attributes": {
            "acceleration_status": "",
            "acl": null,
            "arn": "arn:aws:s3:::bcp-challenged-terraform-apparently-absolutely-darling-hare",
            "bucket": "bcp-challenged-terraform-apparently-absolutely-darling-hare",
            "bucket_domain_name": "bcp-challenged-terraform-apparently-absolutely-darling-hare.s3.amazonaws.com",
            "bucket_prefix": "",
            "bucket_regional_domain_name": "bcp-challenged-terraform-apparently-absolutely-darling-hare.s3.us-east-1.amazonaws.com",
            "cors_rule": [],
            "force_destroy": false,
            "grant": [
              {
                "id": "17857d881f34a3b9d39ccbdd23d873b05fc255a8c19d8ac0054ebaccaa6a0578",
                "permissions": [
                  "FULL_CONTROL"
                ],
                "type": "CanonicalUser",
                "uri": ""
              }
            ],
            "hosted_zone_id": "Z3AQBSTGFYJSTF",
            "id": "bcp-challenged-terraform-apparently-absolutely-darling-hare",
            "lifecycle_rule": [],
            "logging": [],
            "object_lock_configuration": [],
            "object_lock_enabled": false,
            "policy": "",
            "region": "us-east-1",
            "replication_configuration": [],
            "request_payer": "BucketOwner",
            "server_side_encryption_configuration": [
              {
                "rule": [
                  {
                    "apply_server_side_encryption_by_default": [
                      {
                        "kms_master_key_id": "",
                        "sse_algorithm": "AES256"
                      }
                    ],
                    "bucket_key_enabled": false
                  }
                ]
              }
            ],
            "tags": {},
            "tags_all": {},
            "timeouts": null,
            "versioning": [
              {
                "enabled": false,
                "mfa_delete": false
              }
            ],
            "website": [],
            "website_domain": null,
            "website_endpoint": null
          },
          "sensitive_attributes": [],
          "private": "eyJlMmJmYjczMC1lY2FhLTExZTYtOGY4OC0zNDM2M2JjN2M0YzAiOnsiY3JlYXRlIjoxMjAwMDAwMDAwMDAwLCJkZWxldGUiOjM2MDAwMDAwMDAwMDAsInJlYWQiOjEyMDAwMDAwMDAwMDAsInVwZGF0ZSI6MTIwMDAwMDAwMDAwMH19",
          "dependencies": [
            "module.bucket_resource.random_pet.lambda_bucket_name"
          ]
        }
      ]
    },
    {
      "module": "module.bucket_resource",
      "mode": "managed",
      "type": "aws_s3_bucket_acl",
      "name": "lambda_bucket",
      "provider": "provider[\"registry.terraform.io/hashicorp/aws\"]",
      "instances": [
        {
          "schema_version": 0,
          "attributes": {
            "access_control_policy": [
              {
                "grant": [
                  {
                    "grantee": [
                      {
                        "display_name": "cbdavid14",
                        "email_address": "",
                        "id": "17857d881f34a3b9d39ccbdd23d873b05fc255a8c19d8ac0054ebaccaa6a0578",
                        "type": "CanonicalUser",
                        "uri": ""
                      }
                    ],
                    "permission": "FULL_CONTROL"
                  }
                ],
                "owner": [
                  {
                    "display_name": "cbdavid14",
                    "id": "17857d881f34a3b9d39ccbdd23d873b05fc255a8c19d8ac0054ebaccaa6a0578"
                  }
                ]
              }
            ],
            "acl": "private",
            "bucket": "bcp-challenged-terraform-apparently-absolutely-darling-hare",
            "expected_bucket_owner": "",
            "id": "bcp-challenged-terraform-apparently-absolutely-darling-hare,private"
          },
          "sensitive_attributes": [],
          "private": "bnVsbA==",
          "dependencies": [
            "module.bucket_resource.aws_s3_bucket.lambda_bucket",
            "module.bucket_resource.aws_s3_bucket_ownership_controls.lambda_bucket",
            "module.bucket_resource.random_pet.lambda_bucket_name"
          ]
        }
      ]
    },
    {
      "module": "module.bucket_resource",
      "mode": "managed",
      "type": "aws_s3_bucket_ownership_controls",
      "name": "lambda_bucket",
      "provider": "provider[\"registry.terraform.io/hashicorp/aws\"]",
      "instances": [
        {
          "schema_version": 0,
          "attributes": {
            "bucket": "bcp-challenged-terraform-apparently-absolutely-darling-hare",
            "id": "bcp-challenged-terraform-apparently-absolutely-darling-hare",
            "rule": [
              {
                "object_ownership": "BucketOwnerPreferred"
              }
            ]
          },
          "sensitive_attributes": [],
          "private": "bnVsbA==",
          "dependencies": [
            "module.bucket_resource.aws_s3_bucket.lambda_bucket",
            "module.bucket_resource.random_pet.lambda_bucket_name"
          ]
        }
      ]
    },
    {
      "module": "module.bucket_resource",
      "mode": "managed",
      "type": "random_pet",
      "name": "lambda_bucket_name",
      "provider": "provider[\"registry.terraform.io/hashicorp/random\"]",
      "instances": [
        {
          "schema_version": 0,
          "attributes": {
            "id": "bcp-challenged-terraform-apparently-absolutely-darling-hare",
            "keepers": null,
            "length": 4,
            "prefix": "bcp-challenged-terraform",
            "separator": "-"
          },
          "sensitive_attributes": []
        }
      ]
    },
    {
      "module": "module.dynamodb_resources",
      "mode": "managed",
      "type": "aws_dynamodb_table",
      "name": "activity",
      "provider": "provider[\"registry.terraform.io/hashicorp/aws\"]",
      "instances": [
        {
          "schema_version": 1,
          "attributes": {
            "arn": "arn:aws:dynamodb:us-east-1:922367397130:table/activity",
            "attribute": [
              {
                "name": "activityId",
                "type": "S"
              },
              {
                "name": "date",
                "type": "S"
              },
              {
                "name": "transactionId",
                "type": "S"
              }
            ],
            "billing_mode": "PAY_PER_REQUEST",
            "deletion_protection_enabled": false,
            "global_secondary_index": [
              {
                "hash_key": "date",
                "name": "date-index",
                "non_key_attributes": [],
                "projection_type": "ALL",
                "range_key": "",
                "read_capacity": 0,
                "write_capacity": 0
              },
              {
                "hash_key": "transactionId",
                "name": "transactionId-index",
                "non_key_attributes": [],
                "projection_type": "ALL",
                "range_key": "",
                "read_capacity": 0,
                "write_capacity": 0
              }
            ],
            "hash_key": "activityId",
            "id": "activity",
            "import_table": [],
            "local_secondary_index": [],
            "name": "activity",
            "point_in_time_recovery": [
              {
                "enabled": false
              }
            ],
            "range_key": null,
            "read_capacity": 0,
            "replica": [],
            "restore_date_time": null,
            "restore_source_name": null,
            "restore_to_latest_time": null,
            "server_side_encryption": [],
            "stream_arn": "",
            "stream_enabled": false,
            "stream_label": "",
            "stream_view_type": "",
            "table_class": "STANDARD",
            "tags": {
              "Environment": "develop",
              "Name": "bcp-challenge-activity"
            },
            "tags_all": {
              "Environment": "develop",
              "Name": "bcp-challenge-activity"
            },
            "timeouts": null,
            "ttl": [
              {
                "attribute_name": "",
                "enabled": false
              }
            ],
            "write_capacity": 0
          },
          "sensitive_attributes": [],
          "private": "eyJlMmJmYjczMC1lY2FhLTExZTYtOGY4OC0zNDM2M2JjN2M0YzAiOnsiY3JlYXRlIjoxODAwMDAwMDAwMDAwLCJkZWxldGUiOjYwMDAwMDAwMDAwMCwidXBkYXRlIjozNjAwMDAwMDAwMDAwfSwic2NoZW1hX3ZlcnNpb24iOiIxIn0="
        }
      ]
    },
    {
      "module": "module.dynamodb_resources",
      "mode": "managed",
      "type": "aws_dynamodb_table",
      "name": "transactions",
      "provider": "provider[\"registry.terraform.io/hashicorp/aws\"]",
      "instances": [
        {
          "schema_version": 1,
          "attributes": {
            "arn": "arn:aws:dynamodb:us-east-1:922367397130:table/transactions",
            "attribute": [
              {
                "name": "transactionId",
                "type": "S"
              },
              {
                "name": "userId",
                "type": "S"
              }
            ],
            "billing_mode": "PAY_PER_REQUEST",
            "deletion_protection_enabled": false,
            "global_secondary_index": [
              {
                "hash_key": "userId",
                "name": "userId-index",
                "non_key_attributes": [],
                "projection_type": "ALL",
                "range_key": "",
                "read_capacity": 0,
                "write_capacity": 0
              }
            ],
            "hash_key": "transactionId",
            "id": "transactions",
            "import_table": [],
            "local_secondary_index": [],
            "name": "transactions",
            "point_in_time_recovery": [
              {
                "enabled": false
              }
            ],
            "range_key": null,
            "read_capacity": 0,
            "replica": [],
            "restore_date_time": null,
            "restore_source_name": null,
            "restore_to_latest_time": null,
            "server_side_encryption": [],
            "stream_arn": "arn:aws:dynamodb:us-east-1:922367397130:table/transactions/stream/2024-07-22T23:38:50.501",
            "stream_enabled": true,
            "stream_label": "2024-07-22T23:38:50.501",
            "stream_view_type": "NEW_IMAGE",
            "table_class": "STANDARD",
            "tags": {
              "Environment": "develop",
              "Name": "bcp-challenge-transactions"
            },
            "tags_all": {
              "Environment": "develop",
              "Name": "bcp-challenge-transactions"
            },
            "timeouts": null,
            "ttl": [
              {
                "attribute_name": "",
                "enabled": false
              }
            ],
            "write_capacity": 0
          },
          "sensitive_attributes": [],
          "private": "eyJlMmJmYjczMC1lY2FhLTExZTYtOGY4OC0zNDM2M2JjN2M0YzAiOnsiY3JlYXRlIjoxODAwMDAwMDAwMDAwLCJkZWxldGUiOjYwMDAwMDAwMDAwMCwidXBkYXRlIjozNjAwMDAwMDAwMDAwfSwic2NoZW1hX3ZlcnNpb24iOiIxIn0="
        }
      ]
    },
    {
      "module": "module.dynamodb_resources",
      "mode": "managed",
      "type": "aws_dynamodb_table",
      "name": "users",
      "provider": "provider[\"registry.terraform.io/hashicorp/aws\"]",
      "instances": [
        {
          "schema_version": 1,
          "attributes": {
            "arn": "arn:aws:dynamodb:us-east-1:922367397130:table/users",
            "attribute": [
              {
                "name": "lastName",
                "type": "S"
              },
              {
                "name": "name",
                "type": "S"
              },
              {
                "name": "userId",
                "type": "S"
              }
            ],
            "billing_mode": "PAY_PER_REQUEST",
            "deletion_protection_enabled": false,
            "global_secondary_index": [
              {
                "hash_key": "name",
                "name": "name-lastName-index",
                "non_key_attributes": [],
                "projection_type": "ALL",
                "range_key": "lastName",
                "read_capacity": 0,
                "write_capacity": 0
              }
            ],
            "hash_key": "userId",
            "id": "users",
            "import_table": [],
            "local_secondary_index": [],
            "name": "users",
            "point_in_time_recovery": [
              {
                "enabled": false
              }
            ],
            "range_key": null,
            "read_capacity": 0,
            "replica": [],
            "restore_date_time": null,
            "restore_source_name": null,
            "restore_to_latest_time": null,
            "server_side_encryption": [],
            "stream_arn": "",
            "stream_enabled": false,
            "stream_label": "",
            "stream_view_type": "",
            "table_class": "STANDARD",
            "tags": {
              "Environment": "develop",
              "Name": "bcp-challenge-users"
            },
            "tags_all": {
              "Environment": "develop",
              "Name": "bcp-challenge-users"
            },
            "timeouts": null,
            "ttl": [
              {
                "attribute_name": "",
                "enabled": false
              }
            ],
            "write_capacity": 0
          },
          "sensitive_attributes": [],
          "private": "eyJlMmJmYjczMC1lY2FhLTExZTYtOGY4OC0zNDM2M2JjN2M0YzAiOnsiY3JlYXRlIjoxODAwMDAwMDAwMDAwLCJkZWxldGUiOjYwMDAwMDAwMDAwMCwidXBkYXRlIjozNjAwMDAwMDAwMDAwfSwic2NoZW1hX3ZlcnNpb24iOiIxIn0="
        }
      ]
    },
    {
      "module": "module.dynamodb_resources",
      "mode": "managed",
      "type": "aws_dynamodb_table_item",
      "name": "user_andrea",
      "provider": "provider[\"registry.terraform.io/hashicorp/aws\"]",
      "instances": [
        {
          "schema_version": 0,
          "attributes": {
            "hash_key": "userId",
            "id": "users|userId|15f1c60a-2833-49b7-8660-065b58be2f89",
            "item": "          {\n            \"userId\": {\"S\": \"15f1c60a-2833-49b7-8660-065b58be2f89\"},\n            \"name\": {\"S\": \"Andrea\"},\n            \"lastName\": {\"S\": \"Vargas\"}\n          }\n",
            "range_key": null,
            "table_name": "users"
          },
          "sensitive_attributes": [],
          "private": "bnVsbA==",
          "dependencies": [
            "module.dynamodb_resources.aws_dynamodb_table.users"
          ]
        }
      ]
    },
    {
      "module": "module.dynamodb_resources",
      "mode": "managed",
      "type": "aws_dynamodb_table_item",
      "name": "user_pedro",
      "provider": "provider[\"registry.terraform.io/hashicorp/aws\"]",
      "instances": [
        {
          "schema_version": 0,
          "attributes": {
            "hash_key": "userId",
            "id": "users|userId|f529177d-0521-414e-acd9-6ac840549e97",
            "item": "        {\n          \"userId\": {\"S\": \"f529177d-0521-414e-acd9-6ac840549e97\"},\n          \"name\": {\"S\": \"Pedro\"},\n          \"lastName\": {\"S\": \"Suarez\"}\n        }\n",
            "range_key": null,
            "table_name": "users"
          },
          "sensitive_attributes": [],
          "private": "bnVsbA==",
          "dependencies": [
            "module.dynamodb_resources.aws_dynamodb_table.users"
          ]
        }
      ]
    },
    {
      "module": "module.lambda_api_mock_resources",
      "mode": "data",
      "type": "archive_file",
      "name": "lambda_api_mock",
      "provider": "provider[\"registry.terraform.io/hashicorp/archive\"]",
      "instances": [
        {
          "schema_version": 0,
          "attributes": {
            "exclude_symlink_directories": null,
            "excludes": null,
            "id": "da248707fb36b2d95c99e019bd6e07179fab8e0c",
            "output_base64sha256": "XVy7ONfYx04jFbC0I6OCDACsuCAbs7dk33V0yqZ55eQ=",
            "output_base64sha512": "epjDfCDv3MyFVPQDY/+yUlFoVazv6K2vnHgUni6QOLKbyqTXqhZP2hJoeanK3ZqDViHtljwyQzQ7W6SOoJ2Ucw==",
            "output_file_mode": null,
            "output_md5": "72b398dda5580e4796fc8aabc2ac14e9",
            "output_path": "modules/lambda/api-mock/../../../../../microservices/dist/ms/api_mock.zip",
            "output_sha": "da248707fb36b2d95c99e019bd6e07179fab8e0c",
            "output_sha256": "5d5cbb38d7d8c74e2315b0b423a3820c00acb8201bb3b764df7574caa679e5e4",
            "output_sha512": "7a98c37c20efdccc8554f40363ffb252516855acefe8adaf9c78149e2e9038b29bcaa4d7aa164fda126879a9cadd9a835621ed963c3243343b5ba48ea09d9473",
            "output_size": 29693737,
            "source": [],
            "source_content": null,
            "source_content_filename": null,
            "source_dir": "modules/lambda/api-mock/../../../../../microservices/dist/ms/api_mock",
            "source_file": null,
            "type": "zip"
          },
          "sensitive_attributes": []
        }
      ]
    },
    {
      "module": "module.lambda_api_mock_resources",
      "mode": "managed",
      "type": "aws_cloudwatch_log_group",
      "name": "lambda_api_mock",
      "provider": "provider[\"registry.terraform.io/hashicorp/aws\"]",
      "instances": [
        {
          "schema_version": 0,
          "attributes": {
            "arn": "arn:aws:logs:us-east-1:922367397130:log-group:/aws/lambda/lambda_api_mock",
            "id": "/aws/lambda/lambda_api_mock",
            "kms_key_id": "",
            "log_group_class": "STANDARD",
            "name": "/aws/lambda/lambda_api_mock",
            "name_prefix": "",
            "retention_in_days": 30,
            "skip_destroy": false,
            "tags": {},
            "tags_all": {}
          },
          "sensitive_attributes": [],
          "private": "bnVsbA==",
          "dependencies": [
            "module.bucket_resource.aws_s3_bucket.lambda_bucket",
            "module.bucket_resource.random_pet.lambda_bucket_name",
            "module.lambda_api_mock_resources.aws_iam_role.lambda_api_mock_exec",
            "module.lambda_api_mock_resources.aws_lambda_function.lambda_api_mock",
            "module.lambda_api_mock_resources.aws_s3_object.lambda_api_mock",
            "module.lambda_api_mock_resources.data.archive_file.lambda_api_mock"
          ]
        }
      ]
    },
    {
      "module": "module.lambda_api_mock_resources",
      "mode": "managed",
      "type": "aws_iam_role",
      "name": "lambda_api_mock_exec",
      "provider": "provider[\"registry.terraform.io/hashicorp/aws\"]",
      "instances": [
        {
          "schema_version": 0,
          "attributes": {
            "arn": "arn:aws:iam::922367397130:role/serverless_lambda_mock_api",
            "assume_role_policy": "{\"Statement\":[{\"Action\":\"sts:AssumeRole\",\"Effect\":\"Allow\",\"Principal\":{\"Service\":\"lambda.amazonaws.com\"},\"Sid\":\"\"}],\"Version\":\"2012-10-17\"}",
            "create_date": "2024-07-22T23:33:25Z",
            "description": "",
            "force_detach_policies": false,
            "id": "serverless_lambda_mock_api",
            "inline_policy": [],
            "managed_policy_arns": [
              "arn:aws:iam::aws:policy/service-role/AWSLambdaBasicExecutionRole"
            ],
            "max_session_duration": 3600,
            "name": "serverless_lambda_mock_api",
            "name_prefix": "",
            "path": "/",
            "permissions_boundary": "",
            "tags": {},
            "tags_all": {},
            "unique_id": "AROA5NQLBRUFJDRDIKXWN"
          },
          "sensitive_attributes": [],
          "private": "bnVsbA=="
        }
      ]
    },
    {
      "module": "module.lambda_api_mock_resources",
      "mode": "managed",
      "type": "aws_iam_role_policy_attachment",
      "name": "lambda_api_mock_policy",
      "provider": "provider[\"registry.terraform.io/hashicorp/aws\"]",
      "instances": [
        {
          "schema_version": 0,
          "attributes": {
            "id": "serverless_lambda_mock_api-20240722233326581900000001",
            "policy_arn": "arn:aws:iam::aws:policy/service-role/AWSLambdaBasicExecutionRole",
            "role": "serverless_lambda_mock_api"
          },
          "sensitive_attributes": [],
          "private": "bnVsbA==",
          "dependencies": [
            "module.lambda_api_mock_resources.aws_iam_role.lambda_api_mock_exec"
          ]
        }
      ]
    },
    {
      "module": "module.lambda_api_mock_resources",
      "mode": "managed",
      "type": "aws_lambda_function",
      "name": "lambda_api_mock",
      "provider": "provider[\"registry.terraform.io/hashicorp/aws\"]",
      "instances": [
        {
          "schema_version": 0,
          "attributes": {
            "architectures": [
              "x86_64"
            ],
            "arn": "arn:aws:lambda:us-east-1:922367397130:function:lambda_api_mock",
            "code_sha256": "XVy7ONfYx04jFbC0I6OCDACsuCAbs7dk33V0yqZ55eQ=",
            "code_signing_config_arn": "",
            "dead_letter_config": [],
            "description": "",
            "environment": [],
            "ephemeral_storage": [
              {
                "size": 512
              }
            ],
            "file_system_config": [],
            "filename": null,
            "function_name": "lambda_api_mock",
            "handler": "application/controllers/transactionMock.executePayment",
            "id": "lambda_api_mock",
            "image_config": [],
            "image_uri": "",
            "invoke_arn": "arn:aws:apigateway:us-east-1:lambda:path/2015-03-31/functions/arn:aws:lambda:us-east-1:922367397130:function:lambda_api_mock/invocations",
            "kms_key_arn": "",
            "last_modified": "2024-07-23T02:18:26.000+0000",
            "layers": [],
            "logging_config": [
              {
                "application_log_level": "",
                "log_format": "Text",
                "log_group": "/aws/lambda/lambda_api_mock",
                "system_log_level": ""
              }
            ],
            "memory_size": 128,
            "package_type": "Zip",
            "publish": false,
            "qualified_arn": "arn:aws:lambda:us-east-1:922367397130:function:lambda_api_mock:$LATEST",
            "qualified_invoke_arn": "arn:aws:apigateway:us-east-1:lambda:path/2015-03-31/functions/arn:aws:lambda:us-east-1:922367397130:function:lambda_api_mock:$LATEST/invocations",
            "replace_security_groups_on_destroy": null,
            "replacement_security_group_ids": null,
            "reserved_concurrent_executions": -1,
            "role": "arn:aws:iam::922367397130:role/serverless_lambda_mock_api",
            "runtime": "nodejs20.x",
            "s3_bucket": "bcp-challenged-terraform-apparently-absolutely-darling-hare",
            "s3_key": "api_mock.zip",
            "s3_object_version": null,
            "signing_job_arn": "",
            "signing_profile_version_arn": "",
            "skip_destroy": false,
            "snap_start": [],
            "source_code_hash": "XVy7ONfYx04jFbC0I6OCDACsuCAbs7dk33V0yqZ55eQ=",
            "source_code_size": 29693737,
            "tags": {},
            "tags_all": {},
            "timeout": 3,
            "timeouts": null,
            "tracing_config": [
              {
                "mode": "PassThrough"
              }
            ],
            "version": "$LATEST",
            "vpc_config": []
          },
          "sensitive_attributes": [],
          "private": "eyJlMmJmYjczMC1lY2FhLTExZTYtOGY4OC0zNDM2M2JjN2M0YzAiOnsiY3JlYXRlIjo2MDAwMDAwMDAwMDAsImRlbGV0ZSI6NjAwMDAwMDAwMDAwLCJ1cGRhdGUiOjYwMDAwMDAwMDAwMH19",
          "dependencies": [
            "module.bucket_resource.aws_s3_bucket.lambda_bucket",
            "module.bucket_resource.random_pet.lambda_bucket_name",
            "module.lambda_api_mock_resources.aws_iam_role.lambda_api_mock_exec",
            "module.lambda_api_mock_resources.aws_s3_object.lambda_api_mock",
            "module.lambda_api_mock_resources.data.archive_file.lambda_api_mock"
          ]
        }
      ]
    },
    {
      "module": "module.lambda_api_mock_resources",
      "mode": "managed",
      "type": "aws_s3_object",
      "name": "lambda_api_mock",
      "provider": "provider[\"registry.terraform.io/hashicorp/aws\"]",
      "instances": [
        {
          "schema_version": 0,
          "attributes": {
            "acl": null,
            "arn": "arn:aws:s3:::bcp-challenged-terraform-apparently-absolutely-darling-hare/api_mock.zip",
            "bucket": "bcp-challenged-terraform-apparently-absolutely-darling-hare",
            "bucket_key_enabled": false,
            "cache_control": "",
            "checksum_algorithm": null,
            "checksum_crc32": "",
            "checksum_crc32c": "",
            "checksum_sha1": "",
            "checksum_sha256": "",
            "content": null,
            "content_base64": null,
            "content_disposition": "",
            "content_encoding": "",
            "content_language": "",
            "content_type": "binary/octet-stream",
            "etag": "c268f34a41070d30612a801b004bb59c-6",
            "force_destroy": false,
            "id": "api_mock.zip",
            "key": "api_mock.zip",
            "kms_key_id": null,
            "metadata": {},
            "object_lock_legal_hold_status": "",
            "object_lock_mode": "",
            "object_lock_retain_until_date": "",
            "override_provider": [],
            "server_side_encryption": "AES256",
            "source": "modules/lambda/api-mock/../../../../../microservices/dist/ms/api_mock.zip",
            "source_hash": null,
            "storage_class": "STANDARD",
            "tags": {},
            "tags_all": {},
            "version_id": "",
            "website_redirect": ""
          },
          "sensitive_attributes": [],
          "private": "bnVsbA==",
          "dependencies": [
            "module.bucket_resource.aws_s3_bucket.lambda_bucket",
            "module.bucket_resource.random_pet.lambda_bucket_name",
            "module.lambda_api_mock_resources.data.archive_file.lambda_api_mock"
          ]
        }
      ]
    },
    {
      "module": "module.lambda_execute_payment_resources",
      "mode": "data",
      "type": "archive_file",
      "name": "lambda_execute_payments",
      "provider": "provider[\"registry.terraform.io/hashicorp/archive\"]",
      "instances": [
        {
          "schema_version": 0,
          "attributes": {
            "exclude_symlink_directories": null,
            "excludes": null,
            "id": "be36701390cd54433f4b10c5ca41a2d298e92de7",
            "output_base64sha256": "eHqlCXVcXUJMPJF1VYIaKMdTNv514mQSurB6CimDgyk=",
            "output_base64sha512": "5ntJzls03r03M5OvpcMuGaVJH9rbAcyVMT0oGKjfaL49uL+q/2VTUCPOzLP1cYGyCmXfBffguX+oRWgmFsbHLA==",
            "output_file_mode": null,
            "output_md5": "19b4a13392ff3701d5ae313a471188a5",
            "output_path": "modules/lambda/execute-payments/../../../../../microservices/dist/ms/execute_payments.zip",
            "output_sha": "be36701390cd54433f4b10c5ca41a2d298e92de7",
            "output_sha256": "787aa509755c5d424c3c917555821a28c75336fe75e26412bab07a0a29838329",
            "output_sha512": "e67b49ce5b34debd373393afa5c32e19a5491fdadb01cc95313d2818a8df68be3db8bfaaff65535023ceccb3f57181b20a65df05f7e0b97fa845682616c6c72c",
            "output_size": 29696537,
            "source": [],
            "source_content": null,
            "source_content_filename": null,
            "source_dir": "modules/lambda/execute-payments/../../../../../microservices/dist/ms/execute_payments",
            "source_file": null,
            "type": "zip"
          },
          "sensitive_attributes": []
        }
      ]
    },
    {
      "module": "module.lambda_execute_payment_resources",
      "mode": "managed",
      "type": "aws_cloudwatch_log_group",
      "name": "lambda_execute_payments",
      "provider": "provider[\"registry.terraform.io/hashicorp/aws\"]",
      "instances": [
        {
          "schema_version": 0,
          "attributes": {
            "arn": "arn:aws:logs:us-east-1:922367397130:log-group:/aws/lambda/lambda_execute_payments",
            "id": "/aws/lambda/lambda_execute_payments",
            "kms_key_id": "",
            "log_group_class": "STANDARD",
            "name": "/aws/lambda/lambda_execute_payments",
            "name_prefix": "",
            "retention_in_days": 30,
            "skip_destroy": false,
            "tags": {},
            "tags_all": {}
          },
          "sensitive_attributes": [],
          "private": "bnVsbA==",
          "dependencies": [
            "module.api_gateway_resources.aws_apigatewayv2_api.api_bcp_challenged",
            "module.api_gateway_resources.aws_apigatewayv2_stage.api_bcp_challenged",
            "module.api_gateway_resources.aws_cloudwatch_log_group.api_gw",
            "module.bucket_resource.aws_s3_bucket.lambda_bucket",
            "module.bucket_resource.random_pet.lambda_bucket_name",
            "module.lambda_execute_payment_resources.aws_iam_role.lambda_execute_payments_exec",
            "module.lambda_execute_payment_resources.aws_lambda_function.lambda_execute_payments",
            "module.lambda_execute_payment_resources.aws_s3_object.lambda_execute_payments",
            "module.lambda_execute_payment_resources.data.archive_file.lambda_execute_payments"
          ]
        }
      ]
    },
    {
      "module": "module.lambda_execute_payment_resources",
      "mode": "managed",
      "type": "aws_iam_role",
      "name": "lambda_execute_payments_exec",
      "provider": "provider[\"registry.terraform.io/hashicorp/aws\"]",
      "instances": [
        {
          "schema_version": 0,
          "attributes": {
            "arn": "arn:aws:iam::922367397130:role/serverless_lambda_payment",
            "assume_role_policy": "{\"Statement\":[{\"Action\":\"sts:AssumeRole\",\"Effect\":\"Allow\",\"Principal\":{\"Service\":\"lambda.amazonaws.com\"},\"Sid\":\"\"}],\"Version\":\"2012-10-17\"}",
            "create_date": "2024-07-22T23:33:26Z",
            "description": "",
            "force_detach_policies": false,
            "id": "serverless_lambda_payment",
            "inline_policy": [],
            "managed_policy_arns": [
              "arn:aws:iam::aws:policy/service-role/AWSLambdaBasicExecutionRole"
            ],
            "max_session_duration": 3600,
            "name": "serverless_lambda_payment",
            "name_prefix": "",
            "path": "/",
            "permissions_boundary": "",
            "tags": {},
            "tags_all": {},
            "unique_id": "AROA5NQLBRUFDHGRYABI7"
          },
          "sensitive_attributes": [],
          "private": "bnVsbA=="
        }
      ]
    },
    {
      "module": "module.lambda_execute_payment_resources",
      "mode": "managed",
      "type": "aws_iam_role_policy_attachment",
      "name": "lambda_execute_payments_exec",
      "provider": "provider[\"registry.terraform.io/hashicorp/aws\"]",
      "instances": [
        {
          "schema_version": 0,
          "attributes": {
            "id": "serverless_lambda_payment-20240722233326772100000006",
            "policy_arn": "arn:aws:iam::aws:policy/service-role/AWSLambdaBasicExecutionRole",
            "role": "serverless_lambda_payment"
          },
          "sensitive_attributes": [],
          "private": "bnVsbA==",
          "dependencies": [
            "module.lambda_execute_payment_resources.aws_iam_role.lambda_execute_payments_exec"
          ]
        }
      ]
    },
    {
      "module": "module.lambda_execute_payment_resources",
      "mode": "managed",
      "type": "aws_lambda_function",
      "name": "lambda_execute_payments",
      "provider": "provider[\"registry.terraform.io/hashicorp/aws\"]",
      "instances": [
        {
          "schema_version": 0,
          "attributes": {
            "architectures": [
              "x86_64"
            ],
            "arn": "arn:aws:lambda:us-east-1:922367397130:function:lambda_execute_payments",
            "code_sha256": "eHqlCXVcXUJMPJF1VYIaKMdTNv514mQSurB6CimDgyk=",
            "code_signing_config_arn": "",
            "dead_letter_config": [],
            "description": "",
            "environment": [
              {
                "variables": {
                  "API_MOCK_URL": "https://9yp31ebze1.execute-api.us-east-1.amazonaws.com/dev/mock-transaction"
                }
              }
            ],
            "ephemeral_storage": [
              {
                "size": 512
              }
            ],
            "file_system_config": [],
            "filename": null,
            "function_name": "lambda_execute_payments",
            "handler": "application/handlers/handler.handler",
            "id": "lambda_execute_payments",
            "image_config": [],
            "image_uri": "",
            "invoke_arn": "arn:aws:apigateway:us-east-1:lambda:path/2015-03-31/functions/arn:aws:lambda:us-east-1:922367397130:function:lambda_execute_payments/invocations",
            "kms_key_arn": "",
            "last_modified": "2024-07-23T04:05:13.000+0000",
            "layers": [],
            "logging_config": [
              {
                "application_log_level": "",
                "log_format": "Text",
                "log_group": "/aws/lambda/lambda_execute_payments",
                "system_log_level": ""
              }
            ],
            "memory_size": 128,
            "package_type": "Zip",
            "publish": false,
            "qualified_arn": "arn:aws:lambda:us-east-1:922367397130:function:lambda_execute_payments:$LATEST",
            "qualified_invoke_arn": "arn:aws:apigateway:us-east-1:lambda:path/2015-03-31/functions/arn:aws:lambda:us-east-1:922367397130:function:lambda_execute_payments:$LATEST/invocations",
            "replace_security_groups_on_destroy": null,
            "replacement_security_group_ids": null,
            "reserved_concurrent_executions": -1,
            "role": "arn:aws:iam::922367397130:role/serverless_lambda_payment",
            "runtime": "nodejs20.x",
            "s3_bucket": "bcp-challenged-terraform-apparently-absolutely-darling-hare",
            "s3_key": "execute_payments.zip",
            "s3_object_version": null,
            "signing_job_arn": "",
            "signing_profile_version_arn": "",
            "skip_destroy": false,
            "snap_start": [],
            "source_code_hash": "eHqlCXVcXUJMPJF1VYIaKMdTNv514mQSurB6CimDgyk=",
            "source_code_size": 29696537,
            "tags": {},
            "tags_all": {},
            "timeout": 3,
            "timeouts": null,
            "tracing_config": [
              {
                "mode": "PassThrough"
              }
            ],
            "version": "$LATEST",
            "vpc_config": []
          },
          "sensitive_attributes": [],
          "private": "eyJlMmJmYjczMC1lY2FhLTExZTYtOGY4OC0zNDM2M2JjN2M0YzAiOnsiY3JlYXRlIjo2MDAwMDAwMDAwMDAsImRlbGV0ZSI6NjAwMDAwMDAwMDAwLCJ1cGRhdGUiOjYwMDAwMDAwMDAwMH19",
          "dependencies": [
            "module.api_gateway_resources.aws_apigatewayv2_api.api_bcp_challenged",
            "module.api_gateway_resources.aws_apigatewayv2_stage.api_bcp_challenged",
            "module.api_gateway_resources.aws_cloudwatch_log_group.api_gw",
            "module.bucket_resource.aws_s3_bucket.lambda_bucket",
            "module.bucket_resource.random_pet.lambda_bucket_name",
            "module.lambda_execute_payment_resources.aws_iam_role.lambda_execute_payments_exec",
            "module.lambda_execute_payment_resources.aws_s3_object.lambda_execute_payments",
            "module.lambda_execute_payment_resources.data.archive_file.lambda_execute_payments"
          ]
        }
      ]
    },
    {
      "module": "module.lambda_execute_payment_resources",
      "mode": "managed",
      "type": "aws_s3_object",
      "name": "lambda_execute_payments",
      "provider": "provider[\"registry.terraform.io/hashicorp/aws\"]",
      "instances": [
        {
          "schema_version": 0,
          "attributes": {
            "acl": null,
            "arn": "arn:aws:s3:::bcp-challenged-terraform-apparently-absolutely-darling-hare/execute_payments.zip",
            "bucket": "bcp-challenged-terraform-apparently-absolutely-darling-hare",
            "bucket_key_enabled": false,
            "cache_control": "",
            "checksum_algorithm": null,
            "checksum_crc32": "",
            "checksum_crc32c": "",
            "checksum_sha1": "",
            "checksum_sha256": "",
            "content": null,
            "content_base64": null,
            "content_disposition": "",
            "content_encoding": "",
            "content_language": "",
            "content_type": "binary/octet-stream",
            "etag": "8bcd24d8a4382ea42c93dcd53889d444-6",
            "force_destroy": false,
            "id": "execute_payments.zip",
            "key": "execute_payments.zip",
            "kms_key_id": null,
            "metadata": {},
            "object_lock_legal_hold_status": "",
            "object_lock_mode": "",
            "object_lock_retain_until_date": "",
            "override_provider": [],
            "server_side_encryption": "AES256",
            "source": "modules/lambda/execute-payments/../../../../../microservices/dist/ms/execute_payments.zip",
            "source_hash": null,
            "storage_class": "STANDARD",
            "tags": {},
            "tags_all": {},
            "version_id": "",
            "website_redirect": ""
          },
          "sensitive_attributes": [],
          "private": "bnVsbA==",
          "dependencies": [
            "module.bucket_resource.aws_s3_bucket.lambda_bucket",
            "module.bucket_resource.random_pet.lambda_bucket_name",
            "module.lambda_execute_payment_resources.data.archive_file.lambda_execute_payments"
          ]
        }
      ]
    },
    {
      "module": "module.lambda_get_transactions_resources",
      "mode": "data",
      "type": "archive_file",
      "name": "lambda_get_transactions",
      "provider": "provider[\"registry.terraform.io/hashicorp/archive\"]",
      "instances": [
        {
          "schema_version": 0,
          "attributes": {
            "exclude_symlink_directories": null,
            "excludes": null,
            "id": "1a8875c746e7a11e29c0129cc7e3bac9bff9ab23",
            "output_base64sha256": "kUweW/ozPDxPMbx7hr4q7UBBCfk6PK3/Xj4X4efXYqs=",
            "output_base64sha512": "oaHO5bxuMEutiLJmu7qqMHFsbR9H/Z9QAoHPNq7AdO/7dqPOL2vFu2YkVHZXSOVoy1M8rXnZJm9Mb/YZlifXqQ==",
            "output_file_mode": null,
            "output_md5": "722eed7ede1336672e0c6ddde43c600c",
            "output_path": "modules/lambda/get-transactions/../../../../../microservices/dist/ms/get_transactions.zip",
            "output_sha": "1a8875c746e7a11e29c0129cc7e3bac9bff9ab23",
            "output_sha256": "914c1e5bfa333c3c4f31bc7b86be2aed404109f93a3cadff5e3e17e1e7d762ab",
            "output_sha512": "a1a1cee5bc6e304bad88b266bbbaaa30716c6d1f47fd9f500281cf36aec074effb76a3ce2f6bc5bb662454765748e568cb533cad79d9266f4c6ff6199627d7a9",
            "output_size": 29696576,
            "source": [],
            "source_content": null,
            "source_content_filename": null,
            "source_dir": "modules/lambda/get-transactions/../../../../../microservices/dist/ms/get_transactions",
            "source_file": null,
            "type": "zip"
          },
          "sensitive_attributes": []
        }
      ]
    },
    {
      "module": "module.lambda_get_transactions_resources",
      "mode": "managed",
      "type": "aws_cloudwatch_log_group",
      "name": "lambda_get_transactions",
      "provider": "provider[\"registry.terraform.io/hashicorp/aws\"]",
      "instances": [
        {
          "schema_version": 0,
          "attributes": {
            "arn": "arn:aws:logs:us-east-1:922367397130:log-group:/aws/lambda/lambda_get_transactions",
            "id": "/aws/lambda/lambda_get_transactions",
            "kms_key_id": "",
            "log_group_class": "STANDARD",
            "name": "/aws/lambda/lambda_get_transactions",
            "name_prefix": "",
            "retention_in_days": 30,
            "skip_destroy": false,
            "tags": {},
            "tags_all": {}
          },
          "sensitive_attributes": [],
          "private": "bnVsbA==",
          "dependencies": [
            "module.bucket_resource.aws_s3_bucket.lambda_bucket",
            "module.bucket_resource.random_pet.lambda_bucket_name",
            "module.lambda_get_transactions_resources.aws_iam_role.lambda_exec",
            "module.lambda_get_transactions_resources.aws_lambda_function.lambda_get_transactions",
            "module.lambda_get_transactions_resources.aws_s3_object.lambda_get_transactions",
            "module.lambda_get_transactions_resources.data.archive_file.lambda_get_transactions"
          ]
        }
      ]
    },
    {
      "module": "module.lambda_get_transactions_resources",
      "mode": "managed",
      "type": "aws_iam_role",
      "name": "lambda_exec",
      "provider": "provider[\"registry.terraform.io/hashicorp/aws\"]",
      "instances": [
        {
          "schema_version": 0,
          "attributes": {
            "arn": "arn:aws:iam::922367397130:role/serverless_lambda",
            "assume_role_policy": "{\"Statement\":[{\"Action\":\"sts:AssumeRole\",\"Effect\":\"Allow\",\"Principal\":{\"Service\":\"lambda.amazonaws.com\"},\"Sid\":\"\"}],\"Version\":\"2012-10-17\"}",
            "create_date": "2024-07-22T23:33:25Z",
            "description": "",
            "force_detach_policies": false,
            "id": "serverless_lambda",
            "inline_policy": [],
            "managed_policy_arns": [
              "arn:aws:iam::aws:policy/AmazonDynamoDBFullAccess",
              "arn:aws:iam::aws:policy/service-role/AWSLambdaBasicExecutionRole"
            ],
            "max_session_duration": 3600,
            "name": "serverless_lambda",
            "name_prefix": "",
            "path": "/",
            "permissions_boundary": "",
            "tags": {},
            "tags_all": {},
            "unique_id": "AROA5NQLBRUFL6AOUKG6A"
          },
          "sensitive_attributes": [],
          "private": "bnVsbA=="
        }
      ]
    },
    {
      "module": "module.lambda_get_transactions_resources",
      "mode": "managed",
      "type": "aws_iam_role_policy_attachment",
      "name": "dynamo_full_access_attachment",
      "provider": "provider[\"registry.terraform.io/hashicorp/aws\"]",
      "instances": [
        {
          "schema_version": 0,
          "attributes": {
            "id": "serverless_lambda-20240722233326608500000005",
            "policy_arn": "arn:aws:iam::aws:policy/AmazonDynamoDBFullAccess",
            "role": "serverless_lambda"
          },
          "sensitive_attributes": [],
          "private": "bnVsbA==",
          "dependencies": [
            "module.lambda_get_transactions_resources.aws_iam_role.lambda_exec"
          ]
        }
      ]
    },
    {
      "module": "module.lambda_get_transactions_resources",
      "mode": "managed",
      "type": "aws_iam_role_policy_attachment",
      "name": "lambda_policy",
      "provider": "provider[\"registry.terraform.io/hashicorp/aws\"]",
      "instances": [
        {
          "schema_version": 0,
          "attributes": {
            "id": "serverless_lambda-20240722233326602900000004",
            "policy_arn": "arn:aws:iam::aws:policy/service-role/AWSLambdaBasicExecutionRole",
            "role": "serverless_lambda"
          },
          "sensitive_attributes": [],
          "private": "bnVsbA==",
          "dependencies": [
            "module.lambda_get_transactions_resources.aws_iam_role.lambda_exec"
          ]
        }
      ]
    },
    {
      "module": "module.lambda_get_transactions_resources",
      "mode": "managed",
      "type": "aws_lambda_function",
      "name": "lambda_get_transactions",
      "provider": "provider[\"registry.terraform.io/hashicorp/aws\"]",
      "instances": [
        {
          "schema_version": 0,
          "attributes": {
            "architectures": [
              "x86_64"
            ],
            "arn": "arn:aws:lambda:us-east-1:922367397130:function:lambda_get_transactions",
            "code_sha256": "kUweW/ozPDxPMbx7hr4q7UBBCfk6PK3/Xj4X4efXYqs=",
            "code_signing_config_arn": "",
            "dead_letter_config": [],
            "description": "",
            "environment": [
              {
                "variables": {
                  "TRANSACTIONS_TABLE": "transactions"
                }
              }
            ],
            "ephemeral_storage": [
              {
                "size": 512
              }
            ],
            "file_system_config": [],
            "filename": null,
            "function_name": "lambda_get_transactions",
            "handler": "application/handlers/handler.handler",
            "id": "lambda_get_transactions",
            "image_config": [],
            "image_uri": "",
            "invoke_arn": "arn:aws:apigateway:us-east-1:lambda:path/2015-03-31/functions/arn:aws:lambda:us-east-1:922367397130:function:lambda_get_transactions/invocations",
            "kms_key_arn": "",
            "last_modified": "2024-07-23T02:17:04.000+0000",
            "layers": [],
            "logging_config": [
              {
                "application_log_level": "",
                "log_format": "Text",
                "log_group": "/aws/lambda/lambda_get_transactions",
                "system_log_level": ""
              }
            ],
            "memory_size": 128,
            "package_type": "Zip",
            "publish": false,
            "qualified_arn": "arn:aws:lambda:us-east-1:922367397130:function:lambda_get_transactions:$LATEST",
            "qualified_invoke_arn": "arn:aws:apigateway:us-east-1:lambda:path/2015-03-31/functions/arn:aws:lambda:us-east-1:922367397130:function:lambda_get_transactions:$LATEST/invocations",
            "replace_security_groups_on_destroy": null,
            "replacement_security_group_ids": null,
            "reserved_concurrent_executions": -1,
            "role": "arn:aws:iam::922367397130:role/serverless_lambda",
            "runtime": "nodejs20.x",
            "s3_bucket": "bcp-challenged-terraform-apparently-absolutely-darling-hare",
            "s3_key": "get_transactions.zip",
            "s3_object_version": null,
            "signing_job_arn": "",
            "signing_profile_version_arn": "",
            "skip_destroy": false,
            "snap_start": [],
            "source_code_hash": "kUweW/ozPDxPMbx7hr4q7UBBCfk6PK3/Xj4X4efXYqs=",
            "source_code_size": 29696576,
            "tags": {},
            "tags_all": {},
            "timeout": 3,
            "timeouts": null,
            "tracing_config": [
              {
                "mode": "PassThrough"
              }
            ],
            "version": "$LATEST",
            "vpc_config": []
          },
          "sensitive_attributes": [],
          "private": "eyJlMmJmYjczMC1lY2FhLTExZTYtOGY4OC0zNDM2M2JjN2M0YzAiOnsiY3JlYXRlIjo2MDAwMDAwMDAwMDAsImRlbGV0ZSI6NjAwMDAwMDAwMDAwLCJ1cGRhdGUiOjYwMDAwMDAwMDAwMH19",
          "dependencies": [
            "module.bucket_resource.aws_s3_bucket.lambda_bucket",
            "module.bucket_resource.random_pet.lambda_bucket_name",
            "module.lambda_get_transactions_resources.aws_iam_role.lambda_exec",
            "module.lambda_get_transactions_resources.aws_s3_object.lambda_get_transactions",
            "module.lambda_get_transactions_resources.data.archive_file.lambda_get_transactions"
          ]
        }
      ]
    },
    {
      "module": "module.lambda_get_transactions_resources",
      "mode": "managed",
      "type": "aws_s3_object",
      "name": "lambda_get_transactions",
      "provider": "provider[\"registry.terraform.io/hashicorp/aws\"]",
      "instances": [
        {
          "schema_version": 0,
          "attributes": {
            "acl": null,
            "arn": "arn:aws:s3:::bcp-challenged-terraform-apparently-absolutely-darling-hare/get_transactions.zip",
            "bucket": "bcp-challenged-terraform-apparently-absolutely-darling-hare",
            "bucket_key_enabled": false,
            "cache_control": "",
            "checksum_algorithm": null,
            "checksum_crc32": "",
            "checksum_crc32c": "",
            "checksum_sha1": "",
            "checksum_sha256": "",
            "content": null,
            "content_base64": null,
            "content_disposition": "",
            "content_encoding": "",
            "content_language": "",
            "content_type": "binary/octet-stream",
            "etag": "ce696802f16ebfbafa4e84019eff73f8-6",
            "force_destroy": false,
            "id": "get_transactions.zip",
            "key": "get_transactions.zip",
            "kms_key_id": null,
            "metadata": {},
            "object_lock_legal_hold_status": "",
            "object_lock_mode": "",
            "object_lock_retain_until_date": "",
            "override_provider": [],
            "server_side_encryption": "AES256",
            "source": "modules/lambda/get-transactions/../../../../../microservices/dist/ms/get_transactions.zip",
            "source_hash": null,
            "storage_class": "STANDARD",
            "tags": {},
            "tags_all": {},
            "version_id": "",
            "website_redirect": ""
          },
          "sensitive_attributes": [],
          "private": "bnVsbA==",
          "dependencies": [
            "module.bucket_resource.aws_s3_bucket.lambda_bucket",
            "module.bucket_resource.random_pet.lambda_bucket_name",
            "module.lambda_get_transactions_resources.data.archive_file.lambda_get_transactions"
          ]
        }
      ]
    },
    {
      "module": "module.lambda_register_activity_resources",
      "mode": "data",
      "type": "archive_file",
      "name": "lambda_register_activity",
      "provider": "provider[\"registry.terraform.io/hashicorp/archive\"]",
      "instances": [
        {
          "schema_version": 0,
          "attributes": {
            "exclude_symlink_directories": null,
            "excludes": null,
            "id": "7dc9b3bb137cddce4f8900777b09418fe6ecc337",
            "output_base64sha256": "vVtYXDTYAq6o0JIG1eufAHQb+7Emq8yKVHefkrcFj1c=",
            "output_base64sha512": "iNFSBlsaaw0IA+Cu54rhreeDz2lGyAymnWjkfmTSQ3KYEDMB5JhrBeGGzkuCTAUBhIJMV+1B2bPZ4ebxecS1wg==",
            "output_file_mode": null,
            "output_md5": "f9df1041ce06cc3310c3a47f2718ccd6",
            "output_path": "modules/lambda/register-activity/../../../../../microservices/dist/ms/register_activity.zip",
            "output_sha": "7dc9b3bb137cddce4f8900777b09418fe6ecc337",
            "output_sha256": "bd5b585c34d802aea8d09206d5eb9f00741bfbb126abcc8a54779f92b7058f57",
            "output_sha512": "88d152065b1a6b0d0803e0aee78ae1ade783cf6946c80ca69d68e47e64d2437298103301e4986b05e186ce4b824c050184824c57ed41d9b3d9e1e6f179c4b5c2",
            "output_size": 29696356,
            "source": [],
            "source_content": null,
            "source_content_filename": null,
            "source_dir": "modules/lambda/register-activity/../../../../../microservices/dist/ms/register_activity",
            "source_file": null,
            "type": "zip"
          },
          "sensitive_attributes": []
        }
      ]
    },
    {
      "module": "module.lambda_register_activity_resources",
      "mode": "managed",
      "type": "aws_cloudwatch_log_group",
      "name": "lambda_register_activity",
      "provider": "provider[\"registry.terraform.io/hashicorp/aws\"]",
      "instances": [
        {
          "schema_version": 0,
          "attributes": {
            "arn": "arn:aws:logs:us-east-1:922367397130:log-group:/aws/lambda/lambda_register_activity",
            "id": "/aws/lambda/lambda_register_activity",
            "kms_key_id": "",
            "log_group_class": "STANDARD",
            "name": "/aws/lambda/lambda_register_activity",
            "name_prefix": "",
            "retention_in_days": 30,
            "skip_destroy": false,
            "tags": {},
            "tags_all": {}
          },
          "sensitive_attributes": [],
          "private": "bnVsbA==",
          "dependencies": [
            "module.bucket_resource.aws_s3_bucket.lambda_bucket",
            "module.bucket_resource.random_pet.lambda_bucket_name",
            "module.lambda_register_activity_resources.aws_iam_role.lambda_activity_exec",
            "module.lambda_register_activity_resources.aws_lambda_function.lambda_register_activity",
            "module.lambda_register_activity_resources.aws_s3_object.lambda_register_activity",
            "module.lambda_register_activity_resources.data.archive_file.lambda_register_activity"
          ]
        }
      ]
    },
    {
      "module": "module.lambda_register_activity_resources",
      "mode": "managed",
      "type": "aws_iam_role",
      "name": "lambda_activity_exec",
      "provider": "provider[\"registry.terraform.io/hashicorp/aws\"]",
      "instances": [
        {
          "schema_version": 0,
          "attributes": {
            "arn": "arn:aws:iam::922367397130:role/serverless_lambda_activity",
            "assume_role_policy": "{\"Statement\":[{\"Action\":\"sts:AssumeRole\",\"Effect\":\"Allow\",\"Principal\":{\"Service\":\"lambda.amazonaws.com\"},\"Sid\":\"\"}],\"Version\":\"2012-10-17\"}",
            "create_date": "2024-07-22T23:33:25Z",
            "description": "",
            "force_detach_policies": false,
            "id": "serverless_lambda_activity",
            "inline_policy": [],
            "managed_policy_arns": [
              "arn:aws:iam::aws:policy/AmazonDynamoDBFullAccess",
              "arn:aws:iam::aws:policy/service-role/AWSLambdaBasicExecutionRole"
            ],
            "max_session_duration": 3600,
            "name": "serverless_lambda_activity",
            "name_prefix": "",
            "path": "/",
            "permissions_boundary": "",
            "tags": {},
            "tags_all": {},
            "unique_id": "AROA5NQLBRUFHPMF5Z5YW"
          },
          "sensitive_attributes": [],
          "private": "bnVsbA=="
        }
      ]
    },
    {
      "module": "module.lambda_register_activity_resources",
      "mode": "managed",
      "type": "aws_iam_role_policy_attachment",
      "name": "dynamo_full_access_attachment",
      "provider": "provider[\"registry.terraform.io/hashicorp/aws\"]",
      "instances": [
        {
          "schema_version": 0,
          "attributes": {
            "id": "serverless_lambda_activity-20240722233326599200000003",
            "policy_arn": "arn:aws:iam::aws:policy/AmazonDynamoDBFullAccess",
            "role": "serverless_lambda_activity"
          },
          "sensitive_attributes": [],
          "private": "bnVsbA==",
          "dependencies": [
            "module.lambda_register_activity_resources.aws_iam_role.lambda_activity_exec"
          ]
        }
      ]
    },
    {
      "module": "module.lambda_register_activity_resources",
      "mode": "managed",
      "type": "aws_iam_role_policy_attachment",
      "name": "lambda_activity_policy",
      "provider": "provider[\"registry.terraform.io/hashicorp/aws\"]",
      "instances": [
        {
          "schema_version": 0,
          "attributes": {
            "id": "serverless_lambda_activity-20240722233326591300000002",
            "policy_arn": "arn:aws:iam::aws:policy/service-role/AWSLambdaBasicExecutionRole",
            "role": "serverless_lambda_activity"
          },
          "sensitive_attributes": [],
          "private": "bnVsbA==",
          "dependencies": [
            "module.lambda_register_activity_resources.aws_iam_role.lambda_activity_exec"
          ]
        }
      ]
    },
    {
      "module": "module.lambda_register_activity_resources",
      "mode": "managed",
      "type": "aws_lambda_event_source_mapping",
      "name": "transaction_stream_mapping",
      "provider": "provider[\"registry.terraform.io/hashicorp/aws\"]",
      "instances": [
        {
          "schema_version": 0,
          "attributes": {
            "amazon_managed_kafka_event_source_config": [],
            "batch_size": 100,
            "bisect_batch_on_function_error": false,
            "destination_config": [
              {
                "on_failure": [
                  {
                    "destination_arn": null
                  }
                ]
              }
            ],
            "document_db_event_source_config": [],
            "enabled": true,
            "event_source_arn": "arn:aws:dynamodb:us-east-1:922367397130:table/transactions/stream/2024-07-22T23:38:50.501",
            "filter_criteria": [],
            "function_arn": "arn:aws:lambda:us-east-1:922367397130:function:lambda_register_activity",
            "function_name": "arn:aws:lambda:us-east-1:922367397130:function:lambda_register_activity",
            "function_response_types": [],
            "id": "f255bb88-8435-48e8-93fb-d0a871d6e066",
            "last_modified": "2024-07-22T23:41:00Z",
            "last_processing_result": "No records processed",
            "maximum_batching_window_in_seconds": 0,
            "maximum_record_age_in_seconds": -1,
            "maximum_retry_attempts": -1,
            "parallelization_factor": 1,
            "queues": [],
            "scaling_config": [],
            "self_managed_event_source": [],
            "self_managed_kafka_event_source_config": [],
            "source_access_configuration": [],
            "starting_position": "LATEST",
            "starting_position_timestamp": "",
            "state": "Enabled",
            "state_transition_reason": "User action",
            "topics": [],
            "tumbling_window_in_seconds": 0,
            "uuid": "f255bb88-8435-48e8-93fb-d0a871d6e066"
          },
          "sensitive_attributes": [],
          "private": "bnVsbA==",
          "dependencies": [
            "module.bucket_resource.aws_s3_bucket.lambda_bucket",
            "module.bucket_resource.random_pet.lambda_bucket_name",
            "module.dynamodb_resources.aws_dynamodb_table.transactions",
            "module.lambda_register_activity_resources.aws_iam_role.lambda_activity_exec",
            "module.lambda_register_activity_resources.aws_lambda_function.lambda_register_activity",
            "module.lambda_register_activity_resources.aws_s3_object.lambda_register_activity",
            "module.lambda_register_activity_resources.data.archive_file.lambda_register_activity"
          ]
        }
      ]
    },
    {
      "module": "module.lambda_register_activity_resources",
      "mode": "managed",
      "type": "aws_lambda_function",
      "name": "lambda_register_activity",
      "provider": "provider[\"registry.terraform.io/hashicorp/aws\"]",
      "instances": [
        {
          "schema_version": 0,
          "attributes": {
            "architectures": [
              "x86_64"
            ],
            "arn": "arn:aws:lambda:us-east-1:922367397130:function:lambda_register_activity",
            "code_sha256": "vVtYXDTYAq6o0JIG1eufAHQb+7Emq8yKVHefkrcFj1c=",
            "code_signing_config_arn": "",
            "dead_letter_config": [],
            "description": "",
            "environment": [
              {
                "variables": {
                  "ACTIVITY_TABLE": "activity"
                }
              }
            ],
            "ephemeral_storage": [
              {
                "size": 512
              }
            ],
            "file_system_config": [],
            "filename": null,
            "function_name": "lambda_register_activity",
            "handler": "application/handlers/handler.handler",
            "id": "lambda_register_activity",
            "image_config": [],
            "image_uri": "",
            "invoke_arn": "arn:aws:apigateway:us-east-1:lambda:path/2015-03-31/functions/arn:aws:lambda:us-east-1:922367397130:function:lambda_register_activity/invocations",
            "kms_key_arn": "",
            "last_modified": "2024-07-22T23:34:28.260+0000",
            "layers": [],
            "logging_config": [
              {
                "application_log_level": "",
                "log_format": "Text",
                "log_group": "/aws/lambda/lambda_register_activity",
                "system_log_level": ""
              }
            ],
            "memory_size": 128,
            "package_type": "Zip",
            "publish": false,
            "qualified_arn": "arn:aws:lambda:us-east-1:922367397130:function:lambda_register_activity:$LATEST",
            "qualified_invoke_arn": "arn:aws:apigateway:us-east-1:lambda:path/2015-03-31/functions/arn:aws:lambda:us-east-1:922367397130:function:lambda_register_activity:$LATEST/invocations",
            "replace_security_groups_on_destroy": null,
            "replacement_security_group_ids": null,
            "reserved_concurrent_executions": -1,
            "role": "arn:aws:iam::922367397130:role/serverless_lambda_activity",
            "runtime": "nodejs20.x",
            "s3_bucket": "bcp-challenged-terraform-apparently-absolutely-darling-hare",
            "s3_key": "register_activity.zip",
            "s3_object_version": null,
            "signing_job_arn": "",
            "signing_profile_version_arn": "",
            "skip_destroy": false,
            "snap_start": [],
            "source_code_hash": "vVtYXDTYAq6o0JIG1eufAHQb+7Emq8yKVHefkrcFj1c=",
            "source_code_size": 29696356,
            "tags": {},
            "tags_all": {},
            "timeout": 3,
            "timeouts": null,
            "tracing_config": [
              {
                "mode": "PassThrough"
              }
            ],
            "version": "$LATEST",
            "vpc_config": []
          },
          "sensitive_attributes": [],
          "private": "eyJlMmJmYjczMC1lY2FhLTExZTYtOGY4OC0zNDM2M2JjN2M0YzAiOnsiY3JlYXRlIjo2MDAwMDAwMDAwMDAsImRlbGV0ZSI6NjAwMDAwMDAwMDAwLCJ1cGRhdGUiOjYwMDAwMDAwMDAwMH19",
          "dependencies": [
            "module.bucket_resource.aws_s3_bucket.lambda_bucket",
            "module.bucket_resource.random_pet.lambda_bucket_name",
            "module.lambda_register_activity_resources.aws_iam_role.lambda_activity_exec",
            "module.lambda_register_activity_resources.aws_s3_object.lambda_register_activity",
            "module.lambda_register_activity_resources.data.archive_file.lambda_register_activity"
          ]
        }
      ]
    },
    {
      "module": "module.lambda_register_activity_resources",
      "mode": "managed",
      "type": "aws_s3_object",
      "name": "lambda_register_activity",
      "provider": "provider[\"registry.terraform.io/hashicorp/aws\"]",
      "instances": [
        {
          "schema_version": 0,
          "attributes": {
            "acl": null,
            "arn": "arn:aws:s3:::bcp-challenged-terraform-apparently-absolutely-darling-hare/register_activity.zip",
            "bucket": "bcp-challenged-terraform-apparently-absolutely-darling-hare",
            "bucket_key_enabled": false,
            "cache_control": "",
            "checksum_algorithm": null,
            "checksum_crc32": "",
            "checksum_crc32c": "",
            "checksum_sha1": "",
            "checksum_sha256": "",
            "content": null,
            "content_base64": null,
            "content_disposition": "",
            "content_encoding": "",
            "content_language": "",
            "content_type": "binary/octet-stream",
            "etag": "ab5ef3f88da0563730424b776e624e90-6",
            "force_destroy": false,
            "id": "register_activity.zip",
            "key": "register_activity.zip",
            "kms_key_id": null,
            "metadata": {},
            "object_lock_legal_hold_status": "",
            "object_lock_mode": "",
            "object_lock_retain_until_date": "",
            "override_provider": [],
            "server_side_encryption": "AES256",
            "source": "modules/lambda/register-activity/../../../../../microservices/dist/ms/register_activity.zip",
            "source_hash": null,
            "storage_class": "STANDARD",
            "tags": {},
            "tags_all": {},
            "version_id": "",
            "website_redirect": ""
          },
          "sensitive_attributes": [],
          "private": "bnVsbA==",
          "dependencies": [
            "module.bucket_resource.aws_s3_bucket.lambda_bucket",
            "module.bucket_resource.random_pet.lambda_bucket_name",
            "module.lambda_register_activity_resources.data.archive_file.lambda_register_activity"
          ]
        }
      ]
    },
    {
      "module": "module.step_function_resources",
      "mode": "managed",
      "type": "aws_iam_policy",
      "name": "step_function_policy",
      "provider": "provider[\"registry.terraform.io/hashicorp/aws\"]",
      "instances": [
        {
          "schema_version": 0,
          "attributes": {
            "arn": "arn:aws:iam::922367397130:policy/step_function_policy",
            "attachment_count": 1,
            "description": "Policy for Step Function to access DynamoDB and Lambda",
            "id": "arn:aws:iam::922367397130:policy/step_function_policy",
            "name": "step_function_policy",
            "name_prefix": "",
            "path": "/",
            "policy": "{\"Statement\":[{\"Action\":[\"dynamodb:*\"],\"Effect\":\"Allow\",\"Resource\":[\"arn:aws:dynamodb:us-east-1:922367397130:table/users\",\"arn:aws:dynamodb:us-east-1:922367397130:table/transactions\"]},{\"Action\":\"lambda:*\",\"Effect\":\"Allow\",\"Resource\":\"arn:aws:apigateway:us-east-1:lambda:path/2015-03-31/functions/arn:aws:lambda:us-east-1:922367397130:function:lambda_execute_payments/invocations\"},{\"Action\":\"lambda:*\",\"Effect\":\"Allow\",\"Resource\":\"arn:aws:lambda:us-east-1:922367397130:function:lambda_execute_payments\"},{\"Action\":[\"states:StartSyncExecution\",\"states:DescribeExecution\",\"states:GetExecutionHistory\"],\"Effect\":\"Allow\",\"Resource\":\"*\"}],\"Version\":\"2012-10-17\"}",
            "policy_id": "ANPA5NQLBRUFHOYMG2YJN",
            "tags": {},
            "tags_all": {}
          },
          "sensitive_attributes": [],
          "private": "bnVsbA==",
          "dependencies": [
            "module.api_gateway_resources.aws_apigatewayv2_api.api_bcp_challenged",
            "module.api_gateway_resources.aws_apigatewayv2_stage.api_bcp_challenged",
            "module.api_gateway_resources.aws_cloudwatch_log_group.api_gw",
            "module.bucket_resource.aws_s3_bucket.lambda_bucket",
            "module.bucket_resource.random_pet.lambda_bucket_name",
            "module.dynamodb_resources.aws_dynamodb_table.transactions",
            "module.dynamodb_resources.aws_dynamodb_table.users",
            "module.lambda_execute_payment_resources.aws_iam_role.lambda_execute_payments_exec",
            "module.lambda_execute_payment_resources.aws_lambda_function.lambda_execute_payments",
            "module.lambda_execute_payment_resources.aws_s3_object.lambda_execute_payments",
            "module.lambda_execute_payment_resources.data.archive_file.lambda_execute_payments"
          ]
        }
      ]
    },
    {
      "module": "module.step_function_resources",
      "mode": "managed",
      "type": "aws_iam_role",
      "name": "step_function_role",
      "provider": "provider[\"registry.terraform.io/hashicorp/aws\"]",
      "instances": [
        {
          "schema_version": 0,
          "attributes": {
            "arn": "arn:aws:iam::922367397130:role/step_function_role",
            "assume_role_policy": "{\"Statement\":[{\"Action\":\"sts:AssumeRole\",\"Effect\":\"Allow\",\"Principal\":{\"Service\":\"states.amazonaws.com\"}}],\"Version\":\"2012-10-17\"}",
            "create_date": "2024-07-22T23:33:25Z",
            "description": "",
            "force_detach_policies": false,
            "id": "step_function_role",
            "inline_policy": [],
            "managed_policy_arns": [
              "arn:aws:iam::922367397130:policy/step_function_policy",
              "arn:aws:iam::aws:policy/CloudWatchLogsFullAccess"
            ],
            "max_session_duration": 3600,
            "name": "step_function_role",
            "name_prefix": "",
            "path": "/",
            "permissions_boundary": "",
            "tags": {},
            "tags_all": {},
            "unique_id": "AROA5NQLBRUFJ7NEDFNQS"
          },
          "sensitive_attributes": [],
          "private": "bnVsbA=="
        }
      ]
    },
    {
      "module": "module.step_function_resources",
      "mode": "managed",
      "type": "aws_iam_role_policy_attachment",
      "name": "CloudWatchLogsFullAccess",
      "provider": "provider[\"registry.terraform.io/hashicorp/aws\"]",
      "instances": [
        {
          "schema_version": 0,
          "attributes": {
            "id": "step_function_role-20240723025442108400000001",
            "policy_arn": "arn:aws:iam::aws:policy/CloudWatchLogsFullAccess",
            "role": "step_function_role"
          },
          "sensitive_attributes": [],
          "private": "bnVsbA==",
          "dependencies": [
            "module.step_function_resources.aws_iam_role.step_function_role"
          ]
        }
      ]
    },
    {
      "module": "module.step_function_resources",
      "mode": "managed",
      "type": "aws_iam_role_policy_attachment",
      "name": "step_functions_policy_attachment",
      "provider": "provider[\"registry.terraform.io/hashicorp/aws\"]",
      "instances": [
        {
          "schema_version": 0,
          "attributes": {
            "id": "step_function_role-20240723000201304600000001",
            "policy_arn": "arn:aws:iam::922367397130:policy/step_function_policy",
            "role": "step_function_role"
          },
          "sensitive_attributes": [],
          "private": "bnVsbA==",
          "dependencies": [
            "module.api_gateway_resources.aws_apigatewayv2_api.api_bcp_challenged",
            "module.api_gateway_resources.aws_apigatewayv2_stage.api_bcp_challenged",
            "module.api_gateway_resources.aws_cloudwatch_log_group.api_gw",
            "module.bucket_resource.aws_s3_bucket.lambda_bucket",
            "module.bucket_resource.random_pet.lambda_bucket_name",
            "module.dynamodb_resources.aws_dynamodb_table.transactions",
            "module.dynamodb_resources.aws_dynamodb_table.users",
            "module.lambda_execute_payment_resources.aws_iam_role.lambda_execute_payments_exec",
            "module.lambda_execute_payment_resources.aws_lambda_function.lambda_execute_payments",
            "module.lambda_execute_payment_resources.aws_s3_object.lambda_execute_payments",
            "module.lambda_execute_payment_resources.data.archive_file.lambda_execute_payments",
            "module.step_function_resources.aws_iam_policy.step_function_policy",
            "module.step_function_resources.aws_iam_role.step_function_role"
          ]
        }
      ]
    },
    {
      "module": "module.step_function_resources",
      "mode": "managed",
      "type": "aws_sfn_state_machine",
      "name": "payments_step_function",
      "provider": "provider[\"registry.terraform.io/hashicorp/aws\"]",
      "instances": [
        {
          "schema_version": 0,
          "attributes": {
            "arn": "arn:aws:states:us-east-1:922367397130:stateMachine:bcp_challenged_io_backend",
            "creation_date": "2024-07-23T02:23:53Z",
            "definition": " {\n  \"Comment\": \"Step Function - bcp challenged - iO - Backend\",\n  \"StartAt\": \"ValidateUser\",\n  \"States\": {\n    \"ValidateUser\": {\n      \"Type\": \"Task\",\n      \"Resource\": \"arn:aws:states:::aws-sdk:dynamodb:getItem\",\n      \"InputPath\": \"$\",\n      \"Parameters\": {\n        \"TableName\": \"users\",\n        \"Key\": {\n          \"userId\": {\n            \"S.$\": \"$.userId\"\n          }\n        }\n      },\n      \"Next\": \"CheckUserExists\",\n      \"ResultPath\": \"$.outputGetUser\"\n    },\n    \"CheckUserExists\": {\n      \"Type\": \"Choice\",\n      \"Choices\": [\n        {\n          \"Variable\": \"$.outputGetUser.Item\",\n          \"IsPresent\": true,\n          \"Next\": \"ExecutePayment\"\n        }\n      ],\n      \"Default\": \"UserNotFound\"\n    },\n    \"ExecutePayment\": {\n      \"Type\": \"Task\",\n      \"Resource\": \"arn:aws:lambda:us-east-1:922367397130:function:lambda_execute_payments\",\n      \"ResultPath\": \"$.paymentResult\",\n      \"Next\": \"RecordTransaction\",\n      \"Catch\": [\n        {\n          \"ErrorEquals\": [\n            \"PaymentFailed\"\n          ],\n          \"ResultPath\": \"$.error\",\n          \"Next\": \"PaymentFailed\"\n        }\n      ]\n    },\n    \"RecordTransaction\": {\n      \"Type\": \"Task\",\n      \"Resource\": \"arn:aws:states:::aws-sdk:dynamodb:putItem\",\n      \"Parameters\": {\n        \"TableName\": \"transactions\",\n        \"Item\": {\n          \"transactionId\": {\n            \"S.$\": \"States.Format('{}', $.transactionId)\"\n          },\n          \"userId\": {\n            \"S.$\": \"States.Format('{}', $.userId)\"\n          },\n          \"paymentAmount\": {\n            \"N.$\": \"States.Format('{}', $.amount)\"\n          }\n        }\n      },\n      \"Next\": \"Success\"\n    },\n    \"UserNotFound\": {\n      \"Type\": \"Fail\",\n      \"Error\": \"UserNotFound\",\n      \"Cause\": \"The specified user does not exist.\"\n    },\n    \"PaymentFailed\": {\n      \"Type\": \"Fail\",\n      \"Error\": \"PaymentFailed\",\n      \"Cause\": \"The payment process failed.\"\n    },\n    \"Success\": {\n      \"Type\": \"Succeed\"\n    }\n  }\n}\n",
            "description": "",
            "id": "arn:aws:states:us-east-1:922367397130:stateMachine:bcp_challenged_io_backend",
            "logging_configuration": [
              {
                "include_execution_data": false,
                "level": "OFF",
                "log_destination": ""
              }
            ],
            "name": "bcp_challenged_io_backend",
            "name_prefix": "",
            "publish": false,
            "revision_id": "02018e8f-3a7a-4a64-95f6-ba07abf50d21",
            "role_arn": "arn:aws:iam::922367397130:role/step_function_role",
            "state_machine_version_arn": "",
            "status": "ACTIVE",
            "tags": {},
            "tags_all": {},
            "timeouts": null,
            "tracing_configuration": [
              {
                "enabled": false
              }
            ],
            "type": "EXPRESS",
            "version_description": null
          },
          "sensitive_attributes": [],
          "private": "eyJlMmJmYjczMC1lY2FhLTExZTYtOGY4OC0zNDM2M2JjN2M0YzAiOnsiY3JlYXRlIjozMDAwMDAwMDAwMDAsImRlbGV0ZSI6MzAwMDAwMDAwMDAwLCJ1cGRhdGUiOjYwMDAwMDAwMDAwfX0=",
          "dependencies": [
            "module.step_function_resources.aws_iam_role.step_function_role"
          ]
        }
      ]
    }
  ],
  "check_results": null
}
