{
  "version": 4,
  "terraform_version": "1.9.1",
  "serial": 282,
  "lineage": "d95fe109-e2bc-d7d4-f7d6-fda17f25064a",
  "outputs": {},
  "resources": [
    {
      "module": "module.application",
      "mode": "managed",
      "type": "aws_apigatewayv2_api",
      "name": "gateway",
      "provider": "provider[\"registry.terraform.io/hashicorp/aws\"]",
      "instances": [
        {
          "schema_version": 0,
          "attributes": {
            "api_endpoint": "https://oy85no2ix6.execute-api.us-east-2.amazonaws.com",
            "api_key_selection_expression": "$request.header.x-api-key",
            "arn": "arn:aws:apigateway:us-east-2::/apis/oy85no2ix6",
            "body": null,
            "cors_configuration": [],
            "credentials_arn": null,
            "description": "",
            "disable_execute_api_endpoint": false,
            "execution_arn": "arn:aws:execute-api:us-east-2:767397871164:oy85no2ix6",
            "fail_on_warnings": null,
            "id": "oy85no2ix6",
            "name": "api-io-node-challenge",
            "protocol_type": "HTTP",
            "route_key": null,
            "route_selection_expression": "$request.method $request.path",
            "tags": {},
            "tags_all": {},
            "target": null,
            "version": ""
          },
          "sensitive_attributes": [],
          "private": "bnVsbA=="
        }
      ]
    },
    {
      "module": "module.application",
      "mode": "managed",
      "type": "aws_apigatewayv2_integration",
      "name": "mockpayment",
      "provider": "provider[\"registry.terraform.io/hashicorp/aws\"]",
      "instances": [
        {
          "schema_version": 0,
          "attributes": {
            "api_id": "oy85no2ix6",
            "connection_id": "",
            "connection_type": "INTERNET",
            "content_handling_strategy": "",
            "credentials_arn": "",
            "description": "",
            "id": "ty688bd",
            "integration_method": "POST",
            "integration_response_selection_expression": "",
            "integration_subtype": "",
            "integration_type": "AWS_PROXY",
            "integration_uri": "arn:aws:apigateway:us-east-2:lambda:path/2015-03-31/functions/arn:aws:lambda:us-east-2:767397871164:function:io-node-challenge-mock-payment/invocations",
            "passthrough_behavior": "",
            "payload_format_version": "1.0",
            "request_parameters": {},
            "request_templates": {},
            "response_parameters": [],
            "template_selection_expression": "",
            "timeout_milliseconds": 30000,
            "tls_config": []
          },
          "sensitive_attributes": [],
          "private": "bnVsbA==",
          "dependencies": [
            "module.application.aws_apigatewayv2_api.gateway",
            "module.application.aws_iam_role.lambda_execution_role",
            "module.application.aws_lambda_function.io-node-challenge-mock-payment"
          ]
        }
      ]
    },
    {
      "module": "module.application",
      "mode": "managed",
      "type": "aws_apigatewayv2_integration",
      "name": "start_process",
      "provider": "provider[\"registry.terraform.io/hashicorp/aws\"]",
      "instances": [
        {
          "schema_version": 0,
          "attributes": {
            "api_id": "oy85no2ix6",
            "connection_id": "",
            "connection_type": "INTERNET",
            "content_handling_strategy": "",
            "credentials_arn": "",
            "description": "",
            "id": "kumeeq5",
            "integration_method": "POST",
            "integration_response_selection_expression": "",
            "integration_subtype": "",
            "integration_type": "AWS_PROXY",
            "integration_uri": "arn:aws:apigateway:us-east-2:lambda:path/2015-03-31/functions/arn:aws:lambda:us-east-2:767397871164:function:io-node-challenge-start-process/invocations",
            "passthrough_behavior": "",
            "payload_format_version": "1.0",
            "request_parameters": {},
            "request_templates": {},
            "response_parameters": [],
            "template_selection_expression": "",
            "timeout_milliseconds": 30000,
            "tls_config": []
          },
          "sensitive_attributes": [],
          "private": "bnVsbA==",
          "dependencies": [
            "module.application.aws_apigatewayv2_api.gateway",
            "module.application.aws_iam_role.lambda_execution_role",
            "module.application.aws_iam_role.step_functions_role",
            "module.application.aws_lambda_function.io-node-challenge-start-process",
            "module.application.aws_lambda_layer_version.lambda_layer_prod",
            "module.application.aws_sfn_state_machine.state_machine"
          ]
        }
      ]
    },
    {
      "module": "module.application",
      "mode": "managed",
      "type": "aws_apigatewayv2_route",
      "name": "mockpayment",
      "provider": "provider[\"registry.terraform.io/hashicorp/aws\"]",
      "instances": [
        {
          "schema_version": 0,
          "attributes": {
            "api_id": "oy85no2ix6",
            "api_key_required": false,
            "authorization_scopes": [],
            "authorization_type": "NONE",
            "authorizer_id": "",
            "id": "yho5aq2",
            "model_selection_expression": "",
            "operation_name": "",
            "request_models": {},
            "request_parameter": [],
            "route_key": "POST /mockPayment",
            "route_response_selection_expression": "",
            "target": "integrations/ty688bd"
          },
          "sensitive_attributes": [],
          "private": "bnVsbA==",
          "dependencies": [
            "module.application.aws_apigatewayv2_api.gateway",
            "module.application.aws_apigatewayv2_integration.mockpayment",
            "module.application.aws_iam_role.lambda_execution_role",
            "module.application.aws_lambda_function.io-node-challenge-mock-payment"
          ]
        }
      ]
    },
    {
      "module": "module.application",
      "mode": "managed",
      "type": "aws_apigatewayv2_route",
      "name": "start_process",
      "provider": "provider[\"registry.terraform.io/hashicorp/aws\"]",
      "instances": [
        {
          "schema_version": 0,
          "attributes": {
            "api_id": "oy85no2ix6",
            "api_key_required": false,
            "authorization_scopes": [],
            "authorization_type": "NONE",
            "authorizer_id": "",
            "id": "q8vpkjg",
            "model_selection_expression": "",
            "operation_name": "",
            "request_models": {},
            "request_parameter": [],
            "route_key": "POST /startprocess",
            "route_response_selection_expression": "",
            "target": "integrations/kumeeq5"
          },
          "sensitive_attributes": [],
          "private": "bnVsbA==",
          "dependencies": [
            "module.application.aws_apigatewayv2_api.gateway",
            "module.application.aws_apigatewayv2_integration.start_process",
            "module.application.aws_iam_role.lambda_execution_role",
            "module.application.aws_iam_role.step_functions_role",
            "module.application.aws_lambda_function.io-node-challenge-start-process",
            "module.application.aws_lambda_layer_version.lambda_layer_prod",
            "module.application.aws_sfn_state_machine.state_machine"
          ]
        }
      ]
    },
    {
      "module": "module.application",
      "mode": "managed",
      "type": "aws_apigatewayv2_stage",
      "name": "gateway",
      "provider": "provider[\"registry.terraform.io/hashicorp/aws\"]",
      "instances": [
        {
          "schema_version": 0,
          "attributes": {
            "access_log_settings": [
              {
                "destination_arn": "arn:aws:logs:us-east-2:767397871164:log-group:/aws/api_gw/api-io-node-challenge",
                "format": "{\"httpMethod\":\"$context.httpMethod\",\"integrationErrorMessage\":\"$context.integrationErrorMessage\",\"protocol\":\"$context.protocol\",\"requestId\":\"$context.requestId\",\"requestTime\":\"$context.requestTime\",\"resourcePath\":\"$context.resourcePath\",\"responseLength\":\"$context.responseLength\",\"routeKey\":\"$context.routeKey\",\"sourceIp\":\"$context.identity.sourceIp\",\"status\":\"$context.status\"}"
              }
            ],
            "api_id": "oy85no2ix6",
            "arn": "arn:aws:apigateway:us-east-2::/apis/oy85no2ix6/stages/serverless_lambda_stage",
            "auto_deploy": true,
            "client_certificate_id": "",
            "default_route_settings": [
              {
                "data_trace_enabled": false,
                "detailed_metrics_enabled": false,
                "logging_level": "",
                "throttling_burst_limit": 0,
                "throttling_rate_limit": 0
              }
            ],
            "deployment_id": "ljn8u8",
            "description": "",
            "execution_arn": "arn:aws:execute-api:us-east-2:767397871164:oy85no2ix6/serverless_lambda_stage",
            "id": "serverless_lambda_stage",
            "invoke_url": "https://oy85no2ix6.execute-api.us-east-2.amazonaws.com/serverless_lambda_stage",
            "name": "serverless_lambda_stage",
            "route_settings": [],
            "stage_variables": {},
            "tags": {},
            "tags_all": {}
          },
          "sensitive_attributes": [],
          "private": "bnVsbA==",
          "dependencies": [
            "module.application.aws_apigatewayv2_api.gateway",
            "module.application.aws_cloudwatch_log_group.api_gw"
          ]
        }
      ]
    },
    {
      "module": "module.application",
      "mode": "managed",
      "type": "aws_cloudwatch_log_group",
      "name": "api_gw",
      "provider": "provider[\"registry.terraform.io/hashicorp/aws\"]",
      "instances": [
        {
          "schema_version": 0,
          "attributes": {
            "arn": "arn:aws:logs:us-east-2:767397871164:log-group:/aws/api_gw/api-io-node-challenge",
            "id": "/aws/api_gw/api-io-node-challenge",
            "kms_key_id": "",
            "log_group_class": "STANDARD",
            "name": "/aws/api_gw/api-io-node-challenge",
            "name_prefix": "",
            "retention_in_days": 30,
            "skip_destroy": false,
            "tags": {},
            "tags_all": {}
          },
          "sensitive_attributes": [],
          "private": "bnVsbA==",
          "dependencies": [
            "module.application.aws_apigatewayv2_api.gateway"
          ]
        }
      ]
    },
    {
      "module": "module.application",
      "mode": "managed",
      "type": "aws_cloudwatch_log_group",
      "name": "start_process",
      "provider": "provider[\"registry.terraform.io/hashicorp/aws\"]",
      "instances": [
        {
          "schema_version": 0,
          "attributes": {
            "arn": "arn:aws:logs:us-east-2:767397871164:log-group:/aws/api_gw/api-io-node-challenge/start",
            "id": "/aws/api_gw/api-io-node-challenge/start",
            "kms_key_id": "",
            "log_group_class": "STANDARD",
            "name": "/aws/api_gw/api-io-node-challenge/start",
            "name_prefix": "",
            "retention_in_days": 30,
            "skip_destroy": false,
            "tags": {},
            "tags_all": {}
          },
          "sensitive_attributes": [],
          "private": "bnVsbA==",
          "dependencies": [
            "module.application.aws_apigatewayv2_api.gateway"
          ]
        }
      ]
    },
    {
      "module": "module.application",
      "mode": "managed",
      "type": "aws_iam_role",
      "name": "lambda_execution_role",
      "provider": "provider[\"registry.terraform.io/hashicorp/aws\"]",
      "instances": [
        {
          "schema_version": 0,
          "attributes": {
            "arn": "arn:aws:iam::767397871164:role/lambda_execution_role_5",
            "assume_role_policy": "{\"Statement\":[{\"Action\":\"sts:AssumeRole\",\"Effect\":\"Allow\",\"Principal\":{\"Service\":\"lambda.amazonaws.com\"}}],\"Version\":\"2012-10-17\"}",
            "create_date": "2024-07-10T19:16:15Z",
            "description": "",
            "force_detach_policies": false,
            "id": "lambda_execution_role_5",
            "inline_policy": [
              {
                "name": "lambda_execution_policy",
                "policy": "{\"Version\":\"2012-10-17\",\"Statement\":[{\"Action\":[\"logs:CreateLogGroup\",\"logs:CreateLogStream\",\"logs:PutLogEvents\",\"states:*\"],\"Effect\":\"Allow\",\"Resource\":[\"arn:aws:logs:*:*:*\",\"*\"]},{\"Action\":[\"dynamodb:GetItem\",\"dynamodb:PutItem\",\"dynamodb:UpdateItem\",\"dynamodb:Scan\",\"dynamodb:Query\",\"dynamodb:ListStreams\",\"dynamodb:GetRecords\",\"dynamodb:GetShardIterator\",\"dynamodb:DescribeStream\"],\"Effect\":\"Allow\",\"Resource\":\"*\"},{\"Action\":[\"lambda:ListLayers\",\"lambda:GetLayerVersion\"],\"Effect\":\"Allow\",\"Resource\":\"*\"}]}"
              }
            ],
            "managed_policy_arns": [],
            "max_session_duration": 3600,
            "name": "lambda_execution_role_5",
            "name_prefix": "",
            "path": "/",
            "permissions_boundary": "",
            "tags": {},
            "tags_all": {},
            "unique_id": "AROA3FLD2HY6CQ2FDZCCP"
          },
          "sensitive_attributes": [],
          "private": "bnVsbA=="
        }
      ]
    },
    {
      "module": "module.application",
      "mode": "managed",
      "type": "aws_iam_role",
      "name": "step_functions_role",
      "provider": "provider[\"registry.terraform.io/hashicorp/aws\"]",
      "instances": [
        {
          "schema_version": 0,
          "attributes": {
            "arn": "arn:aws:iam::767397871164:role/step_functions_role",
            "assume_role_policy": "{\"Statement\":[{\"Action\":\"sts:AssumeRole\",\"Effect\":\"Allow\",\"Principal\":{\"Service\":\"states.amazonaws.com\"}}],\"Version\":\"2012-10-17\"}",
            "create_date": "2024-07-10T18:52:12Z",
            "description": "",
            "force_detach_policies": false,
            "id": "step_functions_role",
            "inline_policy": [
              {
                "name": "step_functions_policy",
                "policy": "{\"Version\":\"2012-10-17\",\"Statement\":[{\"Action\":[\"lambda:InvokeFunction\",\"dynamodb:GetItem\",\"dynamodb:PutItem\"],\"Effect\":\"Allow\",\"Resource\":\"*\"}]}"
              }
            ],
            "managed_policy_arns": [],
            "max_session_duration": 3600,
            "name": "step_functions_role",
            "name_prefix": "",
            "path": "/",
            "permissions_boundary": "",
            "tags": {},
            "tags_all": {},
            "unique_id": "AROA3FLD2HY6AST6PLVFY"
          },
          "sensitive_attributes": [],
          "private": "bnVsbA=="
        }
      ]
    },
    {
      "module": "module.application",
      "mode": "managed",
      "type": "aws_iam_role_policy",
      "name": "lambda_execution_policy",
      "provider": "provider[\"registry.terraform.io/hashicorp/aws\"]",
      "instances": [
        {
          "schema_version": 0,
          "attributes": {
            "id": "lambda_execution_role_5:lambda_execution_policy",
            "name": "lambda_execution_policy",
            "name_prefix": "",
            "policy": "{\"Version\":\"2012-10-17\",\"Statement\":[{\"Action\":[\"logs:CreateLogGroup\",\"logs:CreateLogStream\",\"logs:PutLogEvents\",\"states:*\"],\"Effect\":\"Allow\",\"Resource\":[\"arn:aws:logs:*:*:*\",\"*\"]},{\"Action\":[\"dynamodb:GetItem\",\"dynamodb:PutItem\",\"dynamodb:UpdateItem\",\"dynamodb:Scan\",\"dynamodb:Query\",\"dynamodb:ListStreams\",\"dynamodb:GetRecords\",\"dynamodb:GetShardIterator\",\"dynamodb:DescribeStream\"],\"Effect\":\"Allow\",\"Resource\":\"*\"},{\"Action\":[\"lambda:ListLayers\",\"lambda:GetLayerVersion\"],\"Effect\":\"Allow\",\"Resource\":\"*\"}]}",
            "role": "lambda_execution_role_5"
          },
          "sensitive_attributes": [],
          "private": "bnVsbA==",
          "dependencies": [
            "module.application.aws_iam_role.lambda_execution_role"
          ]
        }
      ]
    },
    {
      "module": "module.application",
      "mode": "managed",
      "type": "aws_iam_role_policy",
      "name": "step_functions_policy",
      "provider": "provider[\"registry.terraform.io/hashicorp/aws\"]",
      "instances": [
        {
          "schema_version": 0,
          "attributes": {
            "id": "step_functions_role:step_functions_policy",
            "name": "step_functions_policy",
            "name_prefix": "",
            "policy": "{\"Version\":\"2012-10-17\",\"Statement\":[{\"Action\":[\"lambda:InvokeFunction\",\"dynamodb:GetItem\",\"dynamodb:PutItem\"],\"Effect\":\"Allow\",\"Resource\":\"*\"}]}",
            "role": "step_functions_role"
          },
          "sensitive_attributes": [],
          "private": "bnVsbA==",
          "dependencies": [
            "module.application.aws_iam_role.step_functions_role"
          ]
        }
      ]
    },
    {
      "module": "module.application",
      "mode": "managed",
      "type": "aws_lambda_function",
      "name": "io-node-challenge-activity",
      "provider": "provider[\"registry.terraform.io/hashicorp/aws\"]",
      "instances": [
        {
          "schema_version": 0,
          "attributes": {
            "architectures": [
              "x86_64"
            ],
            "arn": "arn:aws:lambda:us-east-2:767397871164:function:io-node-challenge-activity",
            "code_sha256": "Btazg8Bi4KlA/JyJfkAIT97wzf3H+BO2sFj2T+IKfQI=",
            "code_signing_config_arn": "",
            "dead_letter_config": [],
            "description": "",
            "environment": [
              {
                "variables": {
                  "USER_TABLE": "io-node-challenge-user"
                }
              }
            ],
            "ephemeral_storage": [
              {
                "size": 512
              }
            ],
            "file_system_config": [],
            "filename": "application/lambda.zip",
            "function_name": "io-node-challenge-activity",
            "handler": "dist/src/activity/infrastructure/index.activityProcess",
            "id": "io-node-challenge-activity",
            "image_config": [],
            "image_uri": "",
            "invoke_arn": "arn:aws:apigateway:us-east-2:lambda:path/2015-03-31/functions/arn:aws:lambda:us-east-2:767397871164:function:io-node-challenge-activity/invocations",
            "kms_key_arn": "",
            "last_modified": "2024-07-10T19:16:25.000+0000",
            "layers": [
              "arn:aws:lambda:us-east-2:767397871164:layer:lambda_layer_prod:1"
            ],
            "logging_config": [
              {
                "application_log_level": "",
                "log_format": "Text",
                "log_group": "/aws/lambda/io-node-challenge-activity",
                "system_log_level": ""
              }
            ],
            "memory_size": 128,
            "package_type": "Zip",
            "publish": false,
            "qualified_arn": "arn:aws:lambda:us-east-2:767397871164:function:io-node-challenge-activity:$LATEST",
            "qualified_invoke_arn": "arn:aws:apigateway:us-east-2:lambda:path/2015-03-31/functions/arn:aws:lambda:us-east-2:767397871164:function:io-node-challenge-activity:$LATEST/invocations",
            "replace_security_groups_on_destroy": null,
            "replacement_security_group_ids": null,
            "reserved_concurrent_executions": -1,
            "role": "arn:aws:iam::767397871164:role/lambda_execution_role_5",
            "runtime": "nodejs20.x",
            "s3_bucket": null,
            "s3_key": null,
            "s3_object_version": null,
            "signing_job_arn": "",
            "signing_profile_version_arn": "",
            "skip_destroy": false,
            "snap_start": [],
            "source_code_hash": "Btazg8Bi4KlA/JyJfkAIT97wzf3H+BO2sFj2T+IKfQI=",
            "source_code_size": 58125,
            "tags": {},
            "tags_all": {},
            "timeout": 3,
            "timeouts": null,
            "tracing_config": [
              {
                "mode": "PassThrough"
              }
            ],
            "version": "$LATEST",
            "vpc_config": []
          },
          "sensitive_attributes": [],
          "private": "eyJlMmJmYjczMC1lY2FhLTExZTYtOGY4OC0zNDM2M2JjN2M0YzAiOnsiY3JlYXRlIjo2MDAwMDAwMDAwMDAsImRlbGV0ZSI6NjAwMDAwMDAwMDAwLCJ1cGRhdGUiOjYwMDAwMDAwMDAwMH19",
          "dependencies": [
            "module.application.aws_iam_role.lambda_execution_role",
            "module.application.aws_lambda_layer_version.lambda_layer_prod"
          ]
        }
      ]
    },
    {
      "module": "module.application",
      "mode": "managed",
      "type": "aws_lambda_function",
      "name": "io-node-challenge-mock-payment",
      "provider": "provider[\"registry.terraform.io/hashicorp/aws\"]",
      "instances": [
        {
          "schema_version": 0,
          "attributes": {
            "architectures": [
              "x86_64"
            ],
            "arn": "arn:aws:lambda:us-east-2:767397871164:function:io-node-challenge-mock-payment",
            "code_sha256": "Btazg8Bi4KlA/JyJfkAIT97wzf3H+BO2sFj2T+IKfQI=",
            "code_signing_config_arn": "",
            "dead_letter_config": [],
            "description": "",
            "environment": [],
            "ephemeral_storage": [
              {
                "size": 512
              }
            ],
            "file_system_config": [],
            "filename": "application/lambda.zip",
            "function_name": "io-node-challenge-mock-payment",
            "handler": "dist/src/mockPayments/infrastructure/index.processPayment",
            "id": "io-node-challenge-mock-payment",
            "image_config": [],
            "image_uri": "",
            "invoke_arn": "arn:aws:apigateway:us-east-2:lambda:path/2015-03-31/functions/arn:aws:lambda:us-east-2:767397871164:function:io-node-challenge-mock-payment/invocations",
            "kms_key_arn": "",
            "last_modified": "2024-07-10T19:16:25.000+0000",
            "layers": [],
            "logging_config": [
              {
                "application_log_level": "",
                "log_format": "Text",
                "log_group": "/aws/lambda/io-node-challenge-mock-payment",
                "system_log_level": ""
              }
            ],
            "memory_size": 128,
            "package_type": "Zip",
            "publish": false,
            "qualified_arn": "arn:aws:lambda:us-east-2:767397871164:function:io-node-challenge-mock-payment:$LATEST",
            "qualified_invoke_arn": "arn:aws:apigateway:us-east-2:lambda:path/2015-03-31/functions/arn:aws:lambda:us-east-2:767397871164:function:io-node-challenge-mock-payment:$LATEST/invocations",
            "replace_security_groups_on_destroy": null,
            "replacement_security_group_ids": null,
            "reserved_concurrent_executions": -1,
            "role": "arn:aws:iam::767397871164:role/lambda_execution_role_5",
            "runtime": "nodejs20.x",
            "s3_bucket": null,
            "s3_key": null,
            "s3_object_version": null,
            "signing_job_arn": "",
            "signing_profile_version_arn": "",
            "skip_destroy": false,
            "snap_start": [],
            "source_code_hash": "Btazg8Bi4KlA/JyJfkAIT97wzf3H+BO2sFj2T+IKfQI=",
            "source_code_size": 58125,
            "tags": {},
            "tags_all": {},
            "timeout": 3,
            "timeouts": null,
            "tracing_config": [
              {
                "mode": "PassThrough"
              }
            ],
            "version": "$LATEST",
            "vpc_config": []
          },
          "sensitive_attributes": [],
          "private": "eyJlMmJmYjczMC1lY2FhLTExZTYtOGY4OC0zNDM2M2JjN2M0YzAiOnsiY3JlYXRlIjo2MDAwMDAwMDAwMDAsImRlbGV0ZSI6NjAwMDAwMDAwMDAwLCJ1cGRhdGUiOjYwMDAwMDAwMDAwMH19",
          "dependencies": [
            "module.application.aws_iam_role.lambda_execution_role"
          ]
        }
      ]
    },
    {
      "module": "module.application",
      "mode": "managed",
      "type": "aws_lambda_function",
      "name": "io-node-challenge-payment",
      "provider": "provider[\"registry.terraform.io/hashicorp/aws\"]",
      "instances": [
        {
          "schema_version": 0,
          "attributes": {
            "architectures": [
              "x86_64"
            ],
            "arn": "arn:aws:lambda:us-east-2:767397871164:function:io-node-challenge-payment",
            "code_sha256": "Btazg8Bi4KlA/JyJfkAIT97wzf3H+BO2sFj2T+IKfQI=",
            "code_signing_config_arn": "",
            "dead_letter_config": [],
            "description": "",
            "environment": [
              {
                "variables": {
                  "API_MOCK_URL": "https://run.mocky.io/v3/20a586d4-e8a3-4785-b4cc-fbdaf66ea9d6",
                  "TRANSACTION_TABLE": "io-node-challenge-transaction"
                }
              }
            ],
            "ephemeral_storage": [
              {
                "size": 512
              }
            ],
            "file_system_config": [],
            "filename": "application/lambda.zip",
            "function_name": "io-node-challenge-payment",
            "handler": "dist/src/payments/infrastructure/index.paymentTransaction",
            "id": "io-node-challenge-payment",
            "image_config": [],
            "image_uri": "",
            "invoke_arn": "arn:aws:apigateway:us-east-2:lambda:path/2015-03-31/functions/arn:aws:lambda:us-east-2:767397871164:function:io-node-challenge-payment/invocations",
            "kms_key_arn": "",
            "last_modified": "2024-07-10T19:16:25.000+0000",
            "layers": [
              "arn:aws:lambda:us-east-2:767397871164:layer:lambda_layer_prod:1"
            ],
            "logging_config": [
              {
                "application_log_level": "",
                "log_format": "Text",
                "log_group": "/aws/lambda/io-node-challenge-payment",
                "system_log_level": ""
              }
            ],
            "memory_size": 128,
            "package_type": "Zip",
            "publish": false,
            "qualified_arn": "arn:aws:lambda:us-east-2:767397871164:function:io-node-challenge-payment:$LATEST",
            "qualified_invoke_arn": "arn:aws:apigateway:us-east-2:lambda:path/2015-03-31/functions/arn:aws:lambda:us-east-2:767397871164:function:io-node-challenge-payment:$LATEST/invocations",
            "replace_security_groups_on_destroy": null,
            "replacement_security_group_ids": null,
            "reserved_concurrent_executions": -1,
            "role": "arn:aws:iam::767397871164:role/lambda_execution_role_5",
            "runtime": "nodejs20.x",
            "s3_bucket": null,
            "s3_key": null,
            "s3_object_version": null,
            "signing_job_arn": "",
            "signing_profile_version_arn": "",
            "skip_destroy": false,
            "snap_start": [],
            "source_code_hash": "Btazg8Bi4KlA/JyJfkAIT97wzf3H+BO2sFj2T+IKfQI=",
            "source_code_size": 58125,
            "tags": {},
            "tags_all": {},
            "timeout": 3,
            "timeouts": null,
            "tracing_config": [
              {
                "mode": "PassThrough"
              }
            ],
            "version": "$LATEST",
            "vpc_config": []
          },
          "sensitive_attributes": [],
          "private": "eyJlMmJmYjczMC1lY2FhLTExZTYtOGY4OC0zNDM2M2JjN2M0YzAiOnsiY3JlYXRlIjo2MDAwMDAwMDAwMDAsImRlbGV0ZSI6NjAwMDAwMDAwMDAwLCJ1cGRhdGUiOjYwMDAwMDAwMDAwMH19",
          "dependencies": [
            "module.application.aws_iam_role.lambda_execution_role",
            "module.application.aws_lambda_layer_version.lambda_layer_prod"
          ]
        }
      ]
    },
    {
      "module": "module.application",
      "mode": "managed",
      "type": "aws_lambda_function",
      "name": "io-node-challenge-start-process",
      "provider": "provider[\"registry.terraform.io/hashicorp/aws\"]",
      "instances": [
        {
          "schema_version": 0,
          "attributes": {
            "architectures": [
              "x86_64"
            ],
            "arn": "arn:aws:lambda:us-east-2:767397871164:function:io-node-challenge-start-process",
            "code_sha256": "Btazg8Bi4KlA/JyJfkAIT97wzf3H+BO2sFj2T+IKfQI=",
            "code_signing_config_arn": "",
            "dead_letter_config": [],
            "description": "",
            "environment": [
              {
                "variables": {
                  "STATE_FUNCTION": "arn:aws:states:us-east-2:767397871164:stateMachine:io-node-challente-state-machine-payment"
                }
              }
            ],
            "ephemeral_storage": [
              {
                "size": 512
              }
            ],
            "file_system_config": [],
            "filename": "application/lambda.zip",
            "function_name": "io-node-challenge-start-process",
            "handler": "dist/src/payments/infrastructure/indexInit.startProcess",
            "id": "io-node-challenge-start-process",
            "image_config": [],
            "image_uri": "",
            "invoke_arn": "arn:aws:apigateway:us-east-2:lambda:path/2015-03-31/functions/arn:aws:lambda:us-east-2:767397871164:function:io-node-challenge-start-process/invocations",
            "kms_key_arn": "",
            "last_modified": "2024-07-10T19:16:25.000+0000",
            "layers": [
              "arn:aws:lambda:us-east-2:767397871164:layer:lambda_layer_prod:1"
            ],
            "logging_config": [
              {
                "application_log_level": "",
                "log_format": "Text",
                "log_group": "/aws/lambda/io-node-challenge-start-process",
                "system_log_level": ""
              }
            ],
            "memory_size": 128,
            "package_type": "Zip",
            "publish": false,
            "qualified_arn": "arn:aws:lambda:us-east-2:767397871164:function:io-node-challenge-start-process:$LATEST",
            "qualified_invoke_arn": "arn:aws:apigateway:us-east-2:lambda:path/2015-03-31/functions/arn:aws:lambda:us-east-2:767397871164:function:io-node-challenge-start-process:$LATEST/invocations",
            "replace_security_groups_on_destroy": null,
            "replacement_security_group_ids": null,
            "reserved_concurrent_executions": -1,
            "role": "arn:aws:iam::767397871164:role/lambda_execution_role_5",
            "runtime": "nodejs20.x",
            "s3_bucket": null,
            "s3_key": null,
            "s3_object_version": null,
            "signing_job_arn": "",
            "signing_profile_version_arn": "",
            "skip_destroy": false,
            "snap_start": [],
            "source_code_hash": "Btazg8Bi4KlA/JyJfkAIT97wzf3H+BO2sFj2T+IKfQI=",
            "source_code_size": 58125,
            "tags": {},
            "tags_all": {},
            "timeout": 3,
            "timeouts": null,
            "tracing_config": [
              {
                "mode": "PassThrough"
              }
            ],
            "version": "$LATEST",
            "vpc_config": []
          },
          "sensitive_attributes": [],
          "private": "eyJlMmJmYjczMC1lY2FhLTExZTYtOGY4OC0zNDM2M2JjN2M0YzAiOnsiY3JlYXRlIjo2MDAwMDAwMDAwMDAsImRlbGV0ZSI6NjAwMDAwMDAwMDAwLCJ1cGRhdGUiOjYwMDAwMDAwMDAwMH19",
          "dependencies": [
            "module.application.aws_iam_role.lambda_execution_role",
            "module.application.aws_iam_role.step_functions_role",
            "module.application.aws_lambda_layer_version.lambda_layer_prod",
            "module.application.aws_sfn_state_machine.state_machine"
          ]
        }
      ]
    },
    {
      "module": "module.application",
      "mode": "managed",
      "type": "aws_lambda_function",
      "name": "io-node-challenge-user",
      "provider": "provider[\"registry.terraform.io/hashicorp/aws\"]",
      "instances": [
        {
          "schema_version": 0,
          "attributes": {
            "architectures": [
              "x86_64"
            ],
            "arn": "arn:aws:lambda:us-east-2:767397871164:function:io-node-challenge-user",
            "code_sha256": "Btazg8Bi4KlA/JyJfkAIT97wzf3H+BO2sFj2T+IKfQI=",
            "code_signing_config_arn": "",
            "dead_letter_config": [],
            "description": "",
            "environment": [
              {
                "variables": {
                  "USER_TABLE": "io-node-challenge-user"
                }
              }
            ],
            "ephemeral_storage": [
              {
                "size": 512
              }
            ],
            "file_system_config": [],
            "filename": "application/lambda.zip",
            "function_name": "io-node-challenge-user",
            "handler": "dist/src/user/infrastructure/index.validateUser",
            "id": "io-node-challenge-user",
            "image_config": [],
            "image_uri": "",
            "invoke_arn": "arn:aws:apigateway:us-east-2:lambda:path/2015-03-31/functions/arn:aws:lambda:us-east-2:767397871164:function:io-node-challenge-user/invocations",
            "kms_key_arn": "",
            "last_modified": "2024-07-10T19:16:25.000+0000",
            "layers": [
              "arn:aws:lambda:us-east-2:767397871164:layer:lambda_layer_prod:1"
            ],
            "logging_config": [
              {
                "application_log_level": "",
                "log_format": "Text",
                "log_group": "/aws/lambda/io-node-challenge-user",
                "system_log_level": ""
              }
            ],
            "memory_size": 128,
            "package_type": "Zip",
            "publish": false,
            "qualified_arn": "arn:aws:lambda:us-east-2:767397871164:function:io-node-challenge-user:$LATEST",
            "qualified_invoke_arn": "arn:aws:apigateway:us-east-2:lambda:path/2015-03-31/functions/arn:aws:lambda:us-east-2:767397871164:function:io-node-challenge-user:$LATEST/invocations",
            "replace_security_groups_on_destroy": null,
            "replacement_security_group_ids": null,
            "reserved_concurrent_executions": -1,
            "role": "arn:aws:iam::767397871164:role/lambda_execution_role_5",
            "runtime": "nodejs20.x",
            "s3_bucket": null,
            "s3_key": null,
            "s3_object_version": null,
            "signing_job_arn": "",
            "signing_profile_version_arn": "",
            "skip_destroy": false,
            "snap_start": [],
            "source_code_hash": "Btazg8Bi4KlA/JyJfkAIT97wzf3H+BO2sFj2T+IKfQI=",
            "source_code_size": 58125,
            "tags": {},
            "tags_all": {},
            "timeout": 3,
            "timeouts": null,
            "tracing_config": [
              {
                "mode": "PassThrough"
              }
            ],
            "version": "$LATEST",
            "vpc_config": []
          },
          "sensitive_attributes": [],
          "private": "eyJlMmJmYjczMC1lY2FhLTExZTYtOGY4OC0zNDM2M2JjN2M0YzAiOnsiY3JlYXRlIjo2MDAwMDAwMDAwMDAsImRlbGV0ZSI6NjAwMDAwMDAwMDAwLCJ1cGRhdGUiOjYwMDAwMDAwMDAwMH19",
          "dependencies": [
            "module.application.aws_iam_role.lambda_execution_role",
            "module.application.aws_lambda_layer_version.lambda_layer_prod"
          ]
        }
      ]
    },
    {
      "module": "module.application",
      "mode": "managed",
      "type": "aws_lambda_layer_version",
      "name": "lambda_layer_prod",
      "provider": "provider[\"registry.terraform.io/hashicorp/aws\"]",
      "instances": [
        {
          "schema_version": 0,
          "attributes": {
            "arn": "arn:aws:lambda:us-east-2:767397871164:layer:lambda_layer_prod:1",
            "code_sha256": "CaYz6spg4aYniTDu4yP74iobJeo+aIOw7HpD4s8dLqM=",
            "compatible_architectures": [],
            "compatible_runtimes": [
              "nodejs20.x"
            ],
            "created_date": "2024-07-10T18:50:49.736+0000",
            "description": "",
            "filename": "application/layer.zip",
            "id": "arn:aws:lambda:us-east-2:767397871164:layer:lambda_layer_prod:1",
            "layer_arn": "arn:aws:lambda:us-east-2:767397871164:layer:lambda_layer_prod",
            "layer_name": "lambda_layer_prod",
            "license_info": "",
            "s3_bucket": null,
            "s3_key": null,
            "s3_object_version": null,
            "signing_job_arn": "",
            "signing_profile_version_arn": "",
            "skip_destroy": false,
            "source_code_hash": "",
            "source_code_size": 20125080,
            "version": "1"
          },
          "sensitive_attributes": [],
          "private": "bnVsbA=="
        }
      ]
    },
    {
      "module": "module.application",
      "mode": "managed",
      "type": "aws_lambda_permission",
      "name": "api_gw",
      "provider": "provider[\"registry.terraform.io/hashicorp/aws\"]",
      "instances": [
        {
          "schema_version": 0,
          "attributes": {
            "action": "lambda:InvokeFunction",
            "event_source_token": null,
            "function_name": "io-node-challenge-mock-payment",
            "function_url_auth_type": null,
            "id": "AllowExecutionFromAPIGateway",
            "principal": "apigateway.amazonaws.com",
            "principal_org_id": null,
            "qualifier": "",
            "source_account": null,
            "source_arn": "arn:aws:execute-api:us-east-2:767397871164:oy85no2ix6/*/*",
            "statement_id": "AllowExecutionFromAPIGateway",
            "statement_id_prefix": ""
          },
          "sensitive_attributes": [],
          "private": "bnVsbA==",
          "dependencies": [
            "module.application.aws_apigatewayv2_api.gateway",
            "module.application.aws_iam_role.lambda_execution_role",
            "module.application.aws_lambda_function.io-node-challenge-mock-payment"
          ]
        }
      ]
    },
    {
      "module": "module.application",
      "mode": "managed",
      "type": "aws_lambda_permission",
      "name": "start_process",
      "provider": "provider[\"registry.terraform.io/hashicorp/aws\"]",
      "instances": [
        {
          "schema_version": 0,
          "attributes": {
            "action": "lambda:InvokeFunction",
            "event_source_token": null,
            "function_name": "io-node-challenge-start-process",
            "function_url_auth_type": null,
            "id": "AllowExecutionFromAPIGateway",
            "principal": "apigateway.amazonaws.com",
            "principal_org_id": null,
            "qualifier": "",
            "source_account": null,
            "source_arn": "arn:aws:execute-api:us-east-2:767397871164:oy85no2ix6/*/*",
            "statement_id": "AllowExecutionFromAPIGateway",
            "statement_id_prefix": ""
          },
          "sensitive_attributes": [],
          "private": "bnVsbA==",
          "dependencies": [
            "module.application.aws_apigatewayv2_api.gateway",
            "module.application.aws_iam_role.lambda_execution_role",
            "module.application.aws_iam_role.step_functions_role",
            "module.application.aws_lambda_function.io-node-challenge-start-process",
            "module.application.aws_lambda_layer_version.lambda_layer_prod",
            "module.application.aws_sfn_state_machine.state_machine"
          ]
        }
      ]
    },
    {
      "module": "module.application",
      "mode": "managed",
      "type": "aws_sfn_state_machine",
      "name": "state_machine",
      "provider": "provider[\"registry.terraform.io/hashicorp/aws\"]",
      "instances": [
        {
          "schema_version": 0,
          "attributes": {
            "arn": "arn:aws:states:us-east-2:767397871164:stateMachine:io-node-challente-state-machine-payment",
            "creation_date": "2024-07-10T18:52:14Z",
            "definition": "{\r\n  \"Comment\": \"State Machine to process transaction\",\r\n  \"States\": {\r\n    \"User Validate\": {\r\n      \"Type\": \"Task\",\r\n      \"Resource\": \"arn:aws:states:::lambda:invoke\",\r\n      \"OutputPath\": \"$.Payload\",\r\n      \"Parameters\": {\r\n        \"Payload.$\": \"$\",\r\n        \"FunctionName\": \"io-node-challenge-user\"\r\n      },\r\n      \"Retry\": [\r\n        {\r\n          \"ErrorEquals\": [\r\n            \"Lambda.ServiceException\",\r\n            \"Lambda.AWSLambdaException\",\r\n            \"Lambda.SdkClientException\",\r\n            \"Lambda.TooManyRequestsException\"\r\n          ],\r\n          \"IntervalSeconds\": 1,\r\n          \"MaxAttempts\": 3,\r\n          \"BackoffRate\": 2\r\n        }\r\n      ],\r\n      \"Next\": \"UserValidateAnswer\"\r\n    },\r\n    \"UserValidateAnswer\": {\r\n      \"Type\": \"Choice\",\r\n      \"Choices\": [\r\n        {\r\n          \"Variable\": \"$.state\",\r\n          \"BooleanEquals\": false,\r\n          \"Next\": \"Fail\"\r\n        }\r\n      ],\r\n      \"Default\": \"Pass\"\r\n    },\r\n    \"Pass\": {\r\n      \"Type\": \"Pass\",\r\n      \"Next\": \"Execute Payment\",\r\n      \"InputPath\": \"$.data\"\r\n    },\r\n    \"Execute Payment\": {\r\n      \"Type\": \"Task\",\r\n      \"Resource\": \"arn:aws:states:::lambda:invoke\",\r\n      \"OutputPath\": \"$.Payload\",\r\n      \"Parameters\": {\r\n        \"Payload.$\": \"$\",\r\n        \"FunctionName\": \"io-node-challenge-payment\"\r\n      },\r\n      \"Retry\": [\r\n        {\r\n          \"ErrorEquals\": [\r\n            \"Lambda.ServiceException\",\r\n            \"Lambda.AWSLambdaException\",\r\n            \"Lambda.SdkClientException\",\r\n            \"Lambda.TooManyRequestsException\"\r\n          ],\r\n          \"IntervalSeconds\": 1,\r\n          \"MaxAttempts\": 3,\r\n          \"BackoffRate\": 2\r\n        }\r\n      ],\r\n      \"Next\": \"Choice\"\r\n    },\r\n    \"Choice\": {\r\n      \"Type\": \"Choice\",\r\n      \"Choices\": [\r\n        {\r\n          \"Variable\": \"$.transactionId\",\r\n          \"IsPresent\": true,\r\n          \"Comment\": \"Process correct\",\r\n          \"Next\": \"Success\"\r\n        }\r\n      ],\r\n      \"Default\": \"Fail\"\r\n    },\r\n    \"Success\": {\r\n      \"Type\": \"Succeed\"\r\n    },\r\n    \"Fail\": {\r\n      \"Type\": \"Fail\"\r\n    }\r\n  },\r\n  \"StartAt\": \"User Validate\"\r\n}\r\n",
            "description": "",
            "id": "arn:aws:states:us-east-2:767397871164:stateMachine:io-node-challente-state-machine-payment",
            "logging_configuration": [
              {
                "include_execution_data": false,
                "level": "OFF",
                "log_destination": ""
              }
            ],
            "name": "io-node-challente-state-machine-payment",
            "name_prefix": "",
            "publish": false,
            "revision_id": "",
            "role_arn": "arn:aws:iam::767397871164:role/step_functions_role",
            "state_machine_version_arn": "",
            "status": "ACTIVE",
            "tags": {},
            "tags_all": {},
            "timeouts": null,
            "tracing_configuration": [
              {
                "enabled": false
              }
            ],
            "type": "STANDARD",
            "version_description": null
          },
          "sensitive_attributes": [],
          "private": "eyJlMmJmYjczMC1lY2FhLTExZTYtOGY4OC0zNDM2M2JjN2M0YzAiOnsiY3JlYXRlIjozMDAwMDAwMDAwMDAsImRlbGV0ZSI6MzAwMDAwMDAwMDAwLCJ1cGRhdGUiOjYwMDAwMDAwMDAwfX0=",
          "dependencies": [
            "module.application.aws_iam_role.step_functions_role"
          ]
        }
      ]
    },
    {
      "module": "module.dynamodb_resources",
      "mode": "managed",
      "type": "aws_dynamodb_table",
      "name": "activity",
      "provider": "provider[\"registry.terraform.io/hashicorp/aws\"]",
      "instances": [
        {
          "schema_version": 1,
          "attributes": {
            "arn": "arn:aws:dynamodb:us-east-2:767397871164:table/io-node-challenge-activity",
            "attribute": [
              {
                "name": "activityId",
                "type": "S"
              }
            ],
            "billing_mode": "PAY_PER_REQUEST",
            "deletion_protection_enabled": false,
            "global_secondary_index": [],
            "hash_key": "activityId",
            "id": "io-node-challenge-activity",
            "import_table": [],
            "local_secondary_index": [],
            "name": "io-node-challenge-activity",
            "point_in_time_recovery": [
              {
                "enabled": false
              }
            ],
            "range_key": null,
            "read_capacity": 0,
            "replica": [],
            "restore_date_time": null,
            "restore_source_name": null,
            "restore_to_latest_time": null,
            "server_side_encryption": [],
            "stream_arn": "",
            "stream_enabled": false,
            "stream_label": "",
            "stream_view_type": "",
            "table_class": "STANDARD",
            "tags": {
              "Name": "io-node-challenge-activity"
            },
            "tags_all": {
              "Name": "io-node-challenge-activity"
            },
            "timeouts": null,
            "ttl": [
              {
                "attribute_name": "",
                "enabled": false
              }
            ],
            "write_capacity": 0
          },
          "sensitive_attributes": [],
          "private": "eyJlMmJmYjczMC1lY2FhLTExZTYtOGY4OC0zNDM2M2JjN2M0YzAiOnsiY3JlYXRlIjoxODAwMDAwMDAwMDAwLCJkZWxldGUiOjYwMDAwMDAwMDAwMCwidXBkYXRlIjozNjAwMDAwMDAwMDAwfSwic2NoZW1hX3ZlcnNpb24iOiIxIn0="
        }
      ]
    },
    {
      "module": "module.dynamodb_resources",
      "mode": "managed",
      "type": "aws_dynamodb_table",
      "name": "transactions",
      "provider": "provider[\"registry.terraform.io/hashicorp/aws\"]",
      "instances": [
        {
          "schema_version": 1,
          "attributes": {
            "arn": "arn:aws:dynamodb:us-east-2:767397871164:table/io-node-challenge-transaction",
            "attribute": [
              {
                "name": "transactionId",
                "type": "S"
              }
            ],
            "billing_mode": "PAY_PER_REQUEST",
            "deletion_protection_enabled": false,
            "global_secondary_index": [],
            "hash_key": "transactionId",
            "id": "io-node-challenge-transaction",
            "import_table": [],
            "local_secondary_index": [],
            "name": "io-node-challenge-transaction",
            "point_in_time_recovery": [
              {
                "enabled": false
              }
            ],
            "range_key": null,
            "read_capacity": 0,
            "replica": [],
            "restore_date_time": null,
            "restore_source_name": null,
            "restore_to_latest_time": null,
            "server_side_encryption": [],
            "stream_arn": "arn:aws:dynamodb:us-east-2:767397871164:table/io-node-challenge-transaction/stream/2024-07-10T04:36:20.374",
            "stream_enabled": true,
            "stream_label": "2024-07-10T04:36:20.374",
            "stream_view_type": "NEW_IMAGE",
            "table_class": "STANDARD",
            "tags": {
              "Name": "io-node-challenge-transaction"
            },
            "tags_all": {
              "Name": "io-node-challenge-transaction"
            },
            "timeouts": null,
            "ttl": [
              {
                "attribute_name": "",
                "enabled": false
              }
            ],
            "write_capacity": 0
          },
          "sensitive_attributes": [],
          "private": "eyJlMmJmYjczMC1lY2FhLTExZTYtOGY4OC0zNDM2M2JjN2M0YzAiOnsiY3JlYXRlIjoxODAwMDAwMDAwMDAwLCJkZWxldGUiOjYwMDAwMDAwMDAwMCwidXBkYXRlIjozNjAwMDAwMDAwMDAwfSwic2NoZW1hX3ZlcnNpb24iOiIxIn0="
        }
      ]
    },
    {
      "module": "module.dynamodb_resources",
      "mode": "managed",
      "type": "aws_dynamodb_table",
      "name": "users",
      "provider": "provider[\"registry.terraform.io/hashicorp/aws\"]",
      "instances": [
        {
          "schema_version": 1,
          "attributes": {
            "arn": "arn:aws:dynamodb:us-east-2:767397871164:table/io-node-challenge-user",
            "attribute": [
              {
                "name": "userId",
                "type": "S"
              }
            ],
            "billing_mode": "PAY_PER_REQUEST",
            "deletion_protection_enabled": false,
            "global_secondary_index": [],
            "hash_key": "userId",
            "id": "io-node-challenge-user",
            "import_table": [],
            "local_secondary_index": [],
            "name": "io-node-challenge-user",
            "point_in_time_recovery": [
              {
                "enabled": false
              }
            ],
            "range_key": null,
            "read_capacity": 0,
            "replica": [],
            "restore_date_time": null,
            "restore_source_name": null,
            "restore_to_latest_time": null,
            "server_side_encryption": [],
            "stream_arn": "",
            "stream_enabled": false,
            "stream_label": "",
            "stream_view_type": "",
            "table_class": "STANDARD",
            "tags": {
              "Name": "io-node-challenge-user"
            },
            "tags_all": {
              "Name": "io-node-challenge-user"
            },
            "timeouts": null,
            "ttl": [
              {
                "attribute_name": "",
                "enabled": false
              }
            ],
            "write_capacity": 0
          },
          "sensitive_attributes": [],
          "private": "eyJlMmJmYjczMC1lY2FhLTExZTYtOGY4OC0zNDM2M2JjN2M0YzAiOnsiY3JlYXRlIjoxODAwMDAwMDAwMDAwLCJkZWxldGUiOjYwMDAwMDAwMDAwMCwidXBkYXRlIjozNjAwMDAwMDAwMDAwfSwic2NoZW1hX3ZlcnNpb24iOiIxIn0="
        }
      ]
    }
  ],
  "check_results": null
}
